// !$*UTF8*$!
{
	archiveVersion = 1;
	classes = {
	};
	objectVersion = 55;
	objects = {

/* Begin PBXBuildFile section */
		43008540283ABCA300ED5961 /* TDImage.swift in Sources */ = {isa = PBXBuildFile; fileRef = 4300853F283ABCA300ED5961 /* TDImage.swift */; };
		43008544283B59D500ED5961 /* Image+File.swift in Sources */ = {isa = PBXBuildFile; fileRef = 43008543283B59D500ED5961 /* Image+File.swift */; };
		43008546283C0DA000ED5961 /* Image+Blank.swift in Sources */ = {isa = PBXBuildFile; fileRef = 43008545283C0D9F00ED5961 /* Image+Blank.swift */; };
		434203B8283CB01D003E344C /* Algorithms in Frameworks */ = {isa = PBXBuildFile; productRef = 434203B7283CB01D003E344C /* Algorithms */; };
		43807D0B27E1FCEF0056A3D3 /* MocTests.swift in Sources */ = {isa = PBXBuildFile; fileRef = 43807D0A27E1FCEF0056A3D3 /* MocTests.swift */; };
		43807D7D27E213350056A3D3 /* AppDelegate.swift in Sources */ = {isa = PBXBuildFile; fileRef = 43807D4927E213350056A3D3 /* AppDelegate.swift */; };
		43807D7E27E213350056A3D3 /* MessageSender.swift in Sources */ = {isa = PBXBuildFile; fileRef = 43807D4B27E213350056A3D3 /* MessageSender.swift */; };
		43807D7F27E213350056A3D3 /* MessageContent.swift in Sources */ = {isa = PBXBuildFile; fileRef = 43807D4C27E213350056A3D3 /* MessageContent.swift */; };
		43807D8027E213350056A3D3 /* Message.swift in Sources */ = {isa = PBXBuildFile; fileRef = 43807D4D27E213350056A3D3 /* Message.swift */; };
		43807D8127E213350056A3D3 /* Folder.swift in Sources */ = {isa = PBXBuildFile; fileRef = 43807D4E27E213350056A3D3 /* Folder.swift */; };
		43807D8227E213350056A3D3 /* ChatType.swift in Sources */ = {isa = PBXBuildFile; fileRef = 43807D4F27E213350056A3D3 /* ChatType.swift */; };
		43807D8327E213350056A3D3 /* MocApp+Injection.swift in Sources */ = {isa = PBXBuildFile; fileRef = 43807D5027E213350056A3D3 /* MocApp+Injection.swift */; };
		43807D8427E213350056A3D3 /* Assets.xcassets in Resources */ = {isa = PBXBuildFile; fileRef = 43807D5127E213350056A3D3 /* Assets.xcassets */; };
		43807D8527E213350056A3D3 /* Preview Assets.xcassets in Resources */ = {isa = PBXBuildFile; fileRef = 43807D5227E213350056A3D3 /* Preview Assets.xcassets */; };
		43807D8627E213350056A3D3 /* Info.plist in Resources */ = {isa = PBXBuildFile; fileRef = 43807D5427E213350056A3D3 /* Info.plist */; };
		43807D8727E213350056A3D3 /* AccountsPrefView.swift in Sources */ = {isa = PBXBuildFile; fileRef = 43807D5827E213350056A3D3 /* AccountsPrefView.swift */; };
		43807D8827E213350056A3D3 /* PrivacyView.swift in Sources */ = {isa = PBXBuildFile; fileRef = 43807D5927E213350056A3D3 /* PrivacyView.swift */; };
		43807D8927E213350056A3D3 /* DataAndStoragePrefView.swift in Sources */ = {isa = PBXBuildFile; fileRef = 43807D5A27E213350056A3D3 /* DataAndStoragePrefView.swift */; };
		43807D8A27E213350056A3D3 /* AppearancePrefView.swift in Sources */ = {isa = PBXBuildFile; fileRef = 43807D5B27E213350056A3D3 /* AppearancePrefView.swift */; };
		43807D8B27E213350056A3D3 /* StickersPrefView.swift in Sources */ = {isa = PBXBuildFile; fileRef = 43807D5C27E213350056A3D3 /* StickersPrefView.swift */; };
		43807D8C27E213350056A3D3 /* FoldersPrefView.swift in Sources */ = {isa = PBXBuildFile; fileRef = 43807D5D27E213350056A3D3 /* FoldersPrefView.swift */; };
		43807D8D27E213350056A3D3 /* LanguagePrefView.swift in Sources */ = {isa = PBXBuildFile; fileRef = 43807D5E27E213350056A3D3 /* LanguagePrefView.swift */; };
		43807D8E27E213350056A3D3 /* DevicesPrefView.swift in Sources */ = {isa = PBXBuildFile; fileRef = 43807D5F27E213350056A3D3 /* DevicesPrefView.swift */; };
		43807D8F27E213350056A3D3 /* GeneralPrefView.swift in Sources */ = {isa = PBXBuildFile; fileRef = 43807D6027E213350056A3D3 /* GeneralPrefView.swift */; };
		43807D9027E213350056A3D3 /* NotificationsAndSoundsPrefView.swift in Sources */ = {isa = PBXBuildFile; fileRef = 43807D6127E213350056A3D3 /* NotificationsAndSoundsPrefView.swift */; };
		43807D9127E213350056A3D3 /* PreferencesContent.swift in Sources */ = {isa = PBXBuildFile; fileRef = 43807D6227E213350056A3D3 /* PreferencesContent.swift */; };
		43807D9227E213350056A3D3 /* ChatSplitView.swift in Sources */ = {isa = PBXBuildFile; fileRef = 43807D6427E213350056A3D3 /* ChatSplitView.swift */; };
		43807D9327E213350056A3D3 /* MessageBubbleView.swift in Sources */ = {isa = PBXBuildFile; fileRef = 43807D6627E213350056A3D3 /* MessageBubbleView.swift */; };
		43807D9427E213350056A3D3 /* MessageView.swift in Sources */ = {isa = PBXBuildFile; fileRef = 43807D6727E213350056A3D3 /* MessageView.swift */; };
		43807D9527E213350056A3D3 /* ChatView.swift in Sources */ = {isa = PBXBuildFile; fileRef = 43807D6827E213350056A3D3 /* ChatView.swift */; };
		43807D9627E213350056A3D3 /* LoginView.swift in Sources */ = {isa = PBXBuildFile; fileRef = 43807D6927E213350056A3D3 /* LoginView.swift */; };
		43807D9727E213350056A3D3 /* ChatItemView.swift in Sources */ = {isa = PBXBuildFile; fileRef = 43807D6A27E213350056A3D3 /* ChatItemView.swift */; };
		43807D9827E213350056A3D3 /* LottieView.swift in Sources */ = {isa = PBXBuildFile; fileRef = 43807D6B27E213350056A3D3 /* LottieView.swift */; };
		43807D9927E213350056A3D3 /* AppCommands.swift in Sources */ = {isa = PBXBuildFile; fileRef = 43807D6D27E213350056A3D3 /* AppCommands.swift */; };
		43807D9A27E213350056A3D3 /* FolderItemView.swift in Sources */ = {isa = PBXBuildFile; fileRef = 43807D6E27E213350056A3D3 /* FolderItemView.swift */; };
		43807D9B27E213350056A3D3 /* ViewRouter.swift in Sources */ = {isa = PBXBuildFile; fileRef = 43807D6F27E213350056A3D3 /* ViewRouter.swift */; };
		43807D9C27E213350056A3D3 /* ContentView.swift in Sources */ = {isa = PBXBuildFile; fileRef = 43807D7027E213350056A3D3 /* ContentView.swift */; };
		43807D9D27E213350056A3D3 /* SearchField.swift in Sources */ = {isa = PBXBuildFile; fileRef = 43807D7227E213350056A3D3 /* SearchField.swift */; };
		43807D9E27E213350056A3D3 /* XCAssets+Generated.swift in Sources */ = {isa = PBXBuildFile; fileRef = 43807D7527E213350056A3D3 /* XCAssets+Generated.swift */; };
		43807D9F27E213350056A3D3 /* Chat+Identifiable.swift in Sources */ = {isa = PBXBuildFile; fileRef = 43807D7727E213350056A3D3 /* Chat+Identifiable.swift */; };
		43807DA027E213350056A3D3 /* AccountsPrefViewModel.swift in Sources */ = {isa = PBXBuildFile; fileRef = 43807D7A27E213350056A3D3 /* AccountsPrefViewModel.swift */; };
		43807DA127E213350056A3D3 /* ChatViewModel.swift in Sources */ = {isa = PBXBuildFile; fileRef = 43807D7B27E213350056A3D3 /* ChatViewModel.swift */; };
		43807DA227E213350056A3D3 /* MainViewModel.swift in Sources */ = {isa = PBXBuildFile; fileRef = 43807D7C27E213350056A3D3 /* MainViewModel.swift */; };
		43807DA527E2137A0056A3D3 /* Resolver in Frameworks */ = {isa = PBXBuildFile; productRef = 43807DA427E2137A0056A3D3 /* Resolver */; };
		43807DA827E2138A0056A3D3 /* Lottie in Frameworks */ = {isa = PBXBuildFile; productRef = 43807DA727E2138A0056A3D3 /* Lottie */; };
		43807DAB27E2139B0056A3D3 /* AlertToast in Frameworks */ = {isa = PBXBuildFile; productRef = 43807DAA27E2139B0056A3D3 /* AlertToast */; };
		43807DAE27E213B00056A3D3 /* KeychainSwift in Frameworks */ = {isa = PBXBuildFile; productRef = 43807DAD27E213B00056A3D3 /* KeychainSwift */; };
		43807DB127E213C50056A3D3 /* TDLibKit in Frameworks */ = {isa = PBXBuildFile; productRef = 43807DB027E213C50056A3D3 /* TDLibKit */; };
		43807DB827E214440056A3D3 /* Introspect in Frameworks */ = {isa = PBXBuildFile; productRef = 43807DB727E214440056A3D3 /* Introspect */; };
		43807DBC27E214970056A3D3 /* Backend in Frameworks */ = {isa = PBXBuildFile; productRef = 43807DBB27E214970056A3D3 /* Backend */; };
		43807DBE27E2149A0056A3D3 /* Caching in Frameworks */ = {isa = PBXBuildFile; productRef = 43807DBD27E2149A0056A3D3 /* Caching */; };
		43807DC027E2149E0056A3D3 /* Logging in Frameworks */ = {isa = PBXBuildFile; productRef = 43807DBF27E2149E0056A3D3 /* Logging */; };
		43807DC227E214A10056A3D3 /* Utils in Frameworks */ = {isa = PBXBuildFile; productRef = 43807DC127E214A10056A3D3 /* Utils */; };
		43807DC427E214BC0056A3D3 /* SPSafeSymbols in Frameworks */ = {isa = PBXBuildFile; productRef = 43807DC327E214BC0056A3D3 /* SPSafeSymbols */; };
		43807DC727E214E50056A3D3 /* libc++.1.tbd in Frameworks */ = {isa = PBXBuildFile; fileRef = 43807DC527E214D30056A3D3 /* libc++.1.tbd */; };
		43807DC827E214E90056A3D3 /* libz.1.tbd in Frameworks */ = {isa = PBXBuildFile; fileRef = 43807DC627E214DD0056A3D3 /* libz.1.tbd */; };
/* End PBXBuildFile section */

/* Begin PBXContainerItemProxy section */
		43807D0727E1FCEF0056A3D3 /* PBXContainerItemProxy */ = {
			isa = PBXContainerItemProxy;
			containerPortal = 43807CED27E1FCEC0056A3D3 /* Project object */;
			proxyType = 1;
			remoteGlobalIDString = 43807CF427E1FCEC0056A3D3;
			remoteInfo = Moc;
		};
/* End PBXContainerItemProxy section */

/* Begin PBXFileReference section */
		4300853F283ABCA300ED5961 /* TDImage.swift */ = {isa = PBXFileReference; lastKnownFileType = sourcecode.swift; path = TDImage.swift; sourceTree = "<group>"; };
		43008543283B59D500ED5961 /* Image+File.swift */ = {isa = PBXFileReference; lastKnownFileType = sourcecode.swift; path = "Image+File.swift"; sourceTree = "<group>"; };
		43008545283C0D9F00ED5961 /* Image+Blank.swift */ = {isa = PBXFileReference; lastKnownFileType = sourcecode.swift; path = "Image+Blank.swift"; sourceTree = "<group>"; };
		43807CF527E1FCEC0056A3D3 /* Moc.app */ = {isa = PBXFileReference; explicitFileType = wrapper.application; includeInIndex = 0; path = Moc.app; sourceTree = BUILT_PRODUCTS_DIR; };
		43807D0627E1FCEF0056A3D3 /* MocTests.xctest */ = {isa = PBXFileReference; explicitFileType = wrapper.cfbundle; includeInIndex = 0; path = MocTests.xctest; sourceTree = BUILT_PRODUCTS_DIR; };
		43807D0A27E1FCEF0056A3D3 /* MocTests.swift */ = {isa = PBXFileReference; lastKnownFileType = sourcecode.swift; path = MocTests.swift; sourceTree = "<group>"; };
		43807D2327E2129C0056A3D3 /* Backend */ = {isa = PBXFileReference; lastKnownFileType = wrapper; path = Backend; sourceTree = "<group>"; };
		43807D2427E2129F0056A3D3 /* Caching */ = {isa = PBXFileReference; lastKnownFileType = wrapper; path = Caching; sourceTree = "<group>"; };
		43807D2527E212A70056A3D3 /* Logging */ = {isa = PBXFileReference; lastKnownFileType = wrapper; path = Logging; sourceTree = "<group>"; };
		43807D2627E212AA0056A3D3 /* Utils */ = {isa = PBXFileReference; lastKnownFileType = wrapper; path = Utils; sourceTree = "<group>"; };
		43807D4927E213350056A3D3 /* AppDelegate.swift */ = {isa = PBXFileReference; fileEncoding = 4; lastKnownFileType = sourcecode.swift; path = AppDelegate.swift; sourceTree = "<group>"; };
		43807D4B27E213350056A3D3 /* MessageSender.swift */ = {isa = PBXFileReference; fileEncoding = 4; lastKnownFileType = sourcecode.swift; path = MessageSender.swift; sourceTree = "<group>"; };
		43807D4C27E213350056A3D3 /* MessageContent.swift */ = {isa = PBXFileReference; fileEncoding = 4; lastKnownFileType = sourcecode.swift; path = MessageContent.swift; sourceTree = "<group>"; };
		43807D4D27E213350056A3D3 /* Message.swift */ = {isa = PBXFileReference; fileEncoding = 4; lastKnownFileType = sourcecode.swift; path = Message.swift; sourceTree = "<group>"; };
		43807D4E27E213350056A3D3 /* Folder.swift */ = {isa = PBXFileReference; fileEncoding = 4; lastKnownFileType = sourcecode.swift; path = Folder.swift; sourceTree = "<group>"; };
		43807D4F27E213350056A3D3 /* ChatType.swift */ = {isa = PBXFileReference; fileEncoding = 4; lastKnownFileType = sourcecode.swift; path = ChatType.swift; sourceTree = "<group>"; };
		43807D5027E213350056A3D3 /* MocApp+Injection.swift */ = {isa = PBXFileReference; fileEncoding = 4; lastKnownFileType = sourcecode.swift; path = "MocApp+Injection.swift"; sourceTree = "<group>"; };
		43807D5127E213350056A3D3 /* Assets.xcassets */ = {isa = PBXFileReference; lastKnownFileType = folder.assetcatalog; path = Assets.xcassets; sourceTree = "<group>"; };
		43807D5227E213350056A3D3 /* Preview Assets.xcassets */ = {isa = PBXFileReference; lastKnownFileType = folder.assetcatalog; path = "Preview Assets.xcassets"; sourceTree = "<group>"; };
		43807D5327E213350056A3D3 /* Moc.entitlements */ = {isa = PBXFileReference; fileEncoding = 4; lastKnownFileType = text.plist.entitlements; path = Moc.entitlements; sourceTree = "<group>"; };
		43807D5427E213350056A3D3 /* Info.plist */ = {isa = PBXFileReference; fileEncoding = 4; lastKnownFileType = text.plist.xml; path = Info.plist; sourceTree = "<group>"; };
		43807D5827E213350056A3D3 /* AccountsPrefView.swift */ = {isa = PBXFileReference; fileEncoding = 4; lastKnownFileType = sourcecode.swift; path = AccountsPrefView.swift; sourceTree = "<group>"; };
		43807D5927E213350056A3D3 /* PrivacyView.swift */ = {isa = PBXFileReference; fileEncoding = 4; lastKnownFileType = sourcecode.swift; path = PrivacyView.swift; sourceTree = "<group>"; };
		43807D5A27E213350056A3D3 /* DataAndStoragePrefView.swift */ = {isa = PBXFileReference; fileEncoding = 4; lastKnownFileType = sourcecode.swift; path = DataAndStoragePrefView.swift; sourceTree = "<group>"; };
		43807D5B27E213350056A3D3 /* AppearancePrefView.swift */ = {isa = PBXFileReference; fileEncoding = 4; lastKnownFileType = sourcecode.swift; path = AppearancePrefView.swift; sourceTree = "<group>"; };
		43807D5C27E213350056A3D3 /* StickersPrefView.swift */ = {isa = PBXFileReference; fileEncoding = 4; lastKnownFileType = sourcecode.swift; path = StickersPrefView.swift; sourceTree = "<group>"; };
		43807D5D27E213350056A3D3 /* FoldersPrefView.swift */ = {isa = PBXFileReference; fileEncoding = 4; lastKnownFileType = sourcecode.swift; path = FoldersPrefView.swift; sourceTree = "<group>"; };
		43807D5E27E213350056A3D3 /* LanguagePrefView.swift */ = {isa = PBXFileReference; fileEncoding = 4; lastKnownFileType = sourcecode.swift; path = LanguagePrefView.swift; sourceTree = "<group>"; };
		43807D5F27E213350056A3D3 /* DevicesPrefView.swift */ = {isa = PBXFileReference; fileEncoding = 4; lastKnownFileType = sourcecode.swift; path = DevicesPrefView.swift; sourceTree = "<group>"; };
		43807D6027E213350056A3D3 /* GeneralPrefView.swift */ = {isa = PBXFileReference; fileEncoding = 4; lastKnownFileType = sourcecode.swift; path = GeneralPrefView.swift; sourceTree = "<group>"; };
		43807D6127E213350056A3D3 /* NotificationsAndSoundsPrefView.swift */ = {isa = PBXFileReference; fileEncoding = 4; lastKnownFileType = sourcecode.swift; path = NotificationsAndSoundsPrefView.swift; sourceTree = "<group>"; };
		43807D6227E213350056A3D3 /* PreferencesContent.swift */ = {isa = PBXFileReference; fileEncoding = 4; lastKnownFileType = sourcecode.swift; path = PreferencesContent.swift; sourceTree = "<group>"; };
		43807D6427E213350056A3D3 /* ChatSplitView.swift */ = {isa = PBXFileReference; fileEncoding = 4; lastKnownFileType = sourcecode.swift; path = ChatSplitView.swift; sourceTree = "<group>"; };
		43807D6627E213350056A3D3 /* MessageBubbleView.swift */ = {isa = PBXFileReference; fileEncoding = 4; lastKnownFileType = sourcecode.swift; path = MessageBubbleView.swift; sourceTree = "<group>"; };
		43807D6727E213350056A3D3 /* MessageView.swift */ = {isa = PBXFileReference; fileEncoding = 4; lastKnownFileType = sourcecode.swift; path = MessageView.swift; sourceTree = "<group>"; };
		43807D6827E213350056A3D3 /* ChatView.swift */ = {isa = PBXFileReference; fileEncoding = 4; lastKnownFileType = sourcecode.swift; path = ChatView.swift; sourceTree = "<group>"; };
		43807D6927E213350056A3D3 /* LoginView.swift */ = {isa = PBXFileReference; fileEncoding = 4; lastKnownFileType = sourcecode.swift; path = LoginView.swift; sourceTree = "<group>"; };
		43807D6A27E213350056A3D3 /* ChatItemView.swift */ = {isa = PBXFileReference; fileEncoding = 4; lastKnownFileType = sourcecode.swift; path = ChatItemView.swift; sourceTree = "<group>"; };
		43807D6B27E213350056A3D3 /* LottieView.swift */ = {isa = PBXFileReference; fileEncoding = 4; lastKnownFileType = sourcecode.swift; path = LottieView.swift; sourceTree = "<group>"; };
		43807D6D27E213350056A3D3 /* AppCommands.swift */ = {isa = PBXFileReference; fileEncoding = 4; lastKnownFileType = sourcecode.swift; path = AppCommands.swift; sourceTree = "<group>"; };
		43807D6E27E213350056A3D3 /* FolderItemView.swift */ = {isa = PBXFileReference; fileEncoding = 4; lastKnownFileType = sourcecode.swift; path = FolderItemView.swift; sourceTree = "<group>"; };
		43807D6F27E213350056A3D3 /* ViewRouter.swift */ = {isa = PBXFileReference; fileEncoding = 4; lastKnownFileType = sourcecode.swift; path = ViewRouter.swift; sourceTree = "<group>"; };
		43807D7027E213350056A3D3 /* ContentView.swift */ = {isa = PBXFileReference; fileEncoding = 4; lastKnownFileType = sourcecode.swift; path = ContentView.swift; sourceTree = "<group>"; };
		43807D7227E213350056A3D3 /* SearchField.swift */ = {isa = PBXFileReference; fileEncoding = 4; lastKnownFileType = sourcecode.swift; path = SearchField.swift; sourceTree = "<group>"; };
		43807D7527E213350056A3D3 /* XCAssets+Generated.swift */ = {isa = PBXFileReference; fileEncoding = 4; lastKnownFileType = sourcecode.swift; path = "XCAssets+Generated.swift"; sourceTree = "<group>"; };
		43807D7727E213350056A3D3 /* Chat+Identifiable.swift */ = {isa = PBXFileReference; fileEncoding = 4; lastKnownFileType = sourcecode.swift; path = "Chat+Identifiable.swift"; sourceTree = "<group>"; };
		43807D7A27E213350056A3D3 /* AccountsPrefViewModel.swift */ = {isa = PBXFileReference; fileEncoding = 4; lastKnownFileType = sourcecode.swift; path = AccountsPrefViewModel.swift; sourceTree = "<group>"; };
		43807D7B27E213350056A3D3 /* ChatViewModel.swift */ = {isa = PBXFileReference; fileEncoding = 4; lastKnownFileType = sourcecode.swift; path = ChatViewModel.swift; sourceTree = "<group>"; };
		43807D7C27E213350056A3D3 /* MainViewModel.swift */ = {isa = PBXFileReference; fileEncoding = 4; lastKnownFileType = sourcecode.swift; path = MainViewModel.swift; sourceTree = "<group>"; };
		43807DC527E214D30056A3D3 /* libc++.1.tbd */ = {isa = PBXFileReference; lastKnownFileType = "sourcecode.text-based-dylib-definition"; name = "libc++.1.tbd"; path = "usr/lib/libc++.1.tbd"; sourceTree = SDKROOT; };
		43807DC627E214DD0056A3D3 /* libz.1.tbd */ = {isa = PBXFileReference; lastKnownFileType = "sourcecode.text-based-dylib-definition"; name = libz.1.tbd; path = usr/lib/libz.1.tbd; sourceTree = SDKROOT; };
/* End PBXFileReference section */

/* Begin PBXFrameworksBuildPhase section */
		43807CF227E1FCEC0056A3D3 /* Frameworks */ = {
			isa = PBXFrameworksBuildPhase;
			buildActionMask = 2147483647;
			files = (
				43807DC027E2149E0056A3D3 /* Logging in Frameworks */,
				43807DAB27E2139B0056A3D3 /* AlertToast in Frameworks */,
				43807DC227E214A10056A3D3 /* Utils in Frameworks */,
				43807DB827E214440056A3D3 /* Introspect in Frameworks */,
				43807DC427E214BC0056A3D3 /* SPSafeSymbols in Frameworks */,
				43807DA527E2137A0056A3D3 /* Resolver in Frameworks */,
				43807DAE27E213B00056A3D3 /* KeychainSwift in Frameworks */,
				43807DBE27E2149A0056A3D3 /* Caching in Frameworks */,
				434203B8283CB01D003E344C /* Algorithms in Frameworks */,
				43807DA827E2138A0056A3D3 /* Lottie in Frameworks */,
				43807DC827E214E90056A3D3 /* libz.1.tbd in Frameworks */,
				43807DBC27E214970056A3D3 /* Backend in Frameworks */,
				43807DB127E213C50056A3D3 /* TDLibKit in Frameworks */,
				43807DC727E214E50056A3D3 /* libc++.1.tbd in Frameworks */,
			);
			runOnlyForDeploymentPostprocessing = 0;
		};
		43807D0327E1FCEF0056A3D3 /* Frameworks */ = {
			isa = PBXFrameworksBuildPhase;
			buildActionMask = 2147483647;
			files = (
			);
			runOnlyForDeploymentPostprocessing = 0;
		};
/* End PBXFrameworksBuildPhase section */

/* Begin PBXGroup section */
		43008542283B59C200ED5961 /* Utils */ = {
			isa = PBXGroup;
			children = (
				43807D7727E213350056A3D3 /* Chat+Identifiable.swift */,
				43008543283B59D500ED5961 /* Image+File.swift */,
				43008545283C0D9F00ED5961 /* Image+Blank.swift */,
			);
			path = Utils;
			sourceTree = "<group>";
		};
		43807CEC27E1FCEC0056A3D3 = {
			isa = PBXGroup;
			children = (
				43807CF727E1FCEC0056A3D3 /* Moc */,
				43807D2327E2129C0056A3D3 /* Backend */,
				43807D2427E2129F0056A3D3 /* Caching */,
				43807D2527E212A70056A3D3 /* Logging */,
				43807D2627E212AA0056A3D3 /* Utils */,
				43807D0927E1FCEF0056A3D3 /* MocTests */,
				43807CF627E1FCEC0056A3D3 /* Products */,
				43807DBA27E214970056A3D3 /* Frameworks */,
			);
			sourceTree = "<group>";
		};
		43807CF627E1FCEC0056A3D3 /* Products */ = {
			isa = PBXGroup;
			children = (
				43807CF527E1FCEC0056A3D3 /* Moc.app */,
				43807D0627E1FCEF0056A3D3 /* MocTests.xctest */,
			);
			name = Products;
			sourceTree = "<group>";
		};
		43807CF727E1FCEC0056A3D3 /* Moc */ = {
			isa = PBXGroup;
			children = (
				43008542283B59C200ED5961 /* Utils */,
				43807D4A27E213350056A3D3 /* Models */,
				43807D7827E213350056A3D3 /* ViewModels */,
				43807D5527E213350056A3D3 /* Views */,
				43807D7427E213350056A3D3 /* SwiftGen */,
				43807D4927E213350056A3D3 /* AppDelegate.swift */,
				43807D5027E213350056A3D3 /* MocApp+Injection.swift */,
				43807D5127E213350056A3D3 /* Assets.xcassets */,
				43807D5227E213350056A3D3 /* Preview Assets.xcassets */,
				43807D5427E213350056A3D3 /* Info.plist */,
				43807D5327E213350056A3D3 /* Moc.entitlements */,
				43807D7327E213350056A3D3 /* Preview Content */,
			);
			path = Moc;
			sourceTree = "<group>";
		};
		43807D0927E1FCEF0056A3D3 /* MocTests */ = {
			isa = PBXGroup;
			children = (
				43807D0A27E1FCEF0056A3D3 /* MocTests.swift */,
			);
			path = MocTests;
			sourceTree = "<group>";
		};
		43807D4A27E213350056A3D3 /* Models */ = {
			isa = PBXGroup;
			children = (
				43807D4B27E213350056A3D3 /* MessageSender.swift */,
				43807D4C27E213350056A3D3 /* MessageContent.swift */,
				43807D4D27E213350056A3D3 /* Message.swift */,
				43807D4E27E213350056A3D3 /* Folder.swift */,
				43807D4F27E213350056A3D3 /* ChatType.swift */,
			);
			path = Models;
			sourceTree = "<group>";
		};
		43807D5527E213350056A3D3 /* Views */ = {
			isa = PBXGroup;
			children = (
				43807D5627E213350056A3D3 /* Preferences */,
				43807D6C27E213350056A3D3 /* Commands */,
				43807D7127E213350056A3D3 /* AppKitBindings */,
				43807D6327E213350056A3D3 /* Chat */,
				43807D6927E213350056A3D3 /* LoginView.swift */,
				43807D6A27E213350056A3D3 /* ChatItemView.swift */,
				43807D6B27E213350056A3D3 /* LottieView.swift */,
				43807D6E27E213350056A3D3 /* FolderItemView.swift */,
				43807D6F27E213350056A3D3 /* ViewRouter.swift */,
				43807D7027E213350056A3D3 /* ContentView.swift */,
				4300853F283ABCA300ED5961 /* TDImage.swift */,
			);
			path = Views;
			sourceTree = "<group>";
		};
		43807D5627E213350056A3D3 /* Preferences */ = {
			isa = PBXGroup;
			children = (
				43807D5727E213350056A3D3 /* Tabs */,
				43807D6227E213350056A3D3 /* PreferencesContent.swift */,
			);
			path = Preferences;
			sourceTree = "<group>";
		};
		43807D5727E213350056A3D3 /* Tabs */ = {
			isa = PBXGroup;
			children = (
				43807D5827E213350056A3D3 /* AccountsPrefView.swift */,
				43807D5927E213350056A3D3 /* PrivacyView.swift */,
				43807D5A27E213350056A3D3 /* DataAndStoragePrefView.swift */,
				43807D5B27E213350056A3D3 /* AppearancePrefView.swift */,
				43807D5C27E213350056A3D3 /* StickersPrefView.swift */,
				43807D5D27E213350056A3D3 /* FoldersPrefView.swift */,
				43807D5E27E213350056A3D3 /* LanguagePrefView.swift */,
				43807D5F27E213350056A3D3 /* DevicesPrefView.swift */,
				43807D6027E213350056A3D3 /* GeneralPrefView.swift */,
				43807D6127E213350056A3D3 /* NotificationsAndSoundsPrefView.swift */,
			);
			path = Tabs;
			sourceTree = "<group>";
		};
		43807D6327E213350056A3D3 /* Chat */ = {
			isa = PBXGroup;
			children = (
				43807D6427E213350056A3D3 /* ChatSplitView.swift */,
				43807D6527E213350056A3D3 /* Message */,
				43807D6827E213350056A3D3 /* ChatView.swift */,
			);
			path = Chat;
			sourceTree = "<group>";
		};
		43807D6527E213350056A3D3 /* Message */ = {
			isa = PBXGroup;
			children = (
				43807D6627E213350056A3D3 /* MessageBubbleView.swift */,
				43807D6727E213350056A3D3 /* MessageView.swift */,
			);
			path = Message;
			sourceTree = "<group>";
		};
		43807D6C27E213350056A3D3 /* Commands */ = {
			isa = PBXGroup;
			children = (
				43807D6D27E213350056A3D3 /* AppCommands.swift */,
			);
			path = Commands;
			sourceTree = "<group>";
		};
		43807D7127E213350056A3D3 /* AppKitBindings */ = {
			isa = PBXGroup;
			children = (
				43807D7227E213350056A3D3 /* SearchField.swift */,
			);
			path = AppKitBindings;
			sourceTree = "<group>";
		};
		43807D7327E213350056A3D3 /* Preview Content */ = {
			isa = PBXGroup;
			children = (
			);
			path = "Preview Content";
			sourceTree = "<group>";
		};
		43807D7427E213350056A3D3 /* SwiftGen */ = {
			isa = PBXGroup;
			children = (
				43807D7527E213350056A3D3 /* XCAssets+Generated.swift */,
			);
			path = SwiftGen;
			sourceTree = "<group>";
		};
		43807D7827E213350056A3D3 /* ViewModels */ = {
			isa = PBXGroup;
			children = (
				43807D7927E213350056A3D3 /* Preferences */,
				43807D7B27E213350056A3D3 /* ChatViewModel.swift */,
				43807D7C27E213350056A3D3 /* MainViewModel.swift */,
			);
			path = ViewModels;
			sourceTree = "<group>";
		};
		43807D7927E213350056A3D3 /* Preferences */ = {
			isa = PBXGroup;
			children = (
				43807D7A27E213350056A3D3 /* AccountsPrefViewModel.swift */,
			);
			path = Preferences;
			sourceTree = "<group>";
		};
		43807DBA27E214970056A3D3 /* Frameworks */ = {
			isa = PBXGroup;
			children = (
				43807DC627E214DD0056A3D3 /* libz.1.tbd */,
				43807DC527E214D30056A3D3 /* libc++.1.tbd */,
			);
			name = Frameworks;
			sourceTree = "<group>";
		};
/* End PBXGroup section */

/* Begin PBXNativeTarget section */
		43807CF427E1FCEC0056A3D3 /* Moc */ = {
			isa = PBXNativeTarget;
			buildConfigurationList = 43807D1A27E1FCEF0056A3D3 /* Build configuration list for PBXNativeTarget "Moc" */;
			buildPhases = (
				43807CF127E1FCEC0056A3D3 /* Sources */,
				43807DB927E214710056A3D3 /* Run SwiftLint */,
				43807CF227E1FCEC0056A3D3 /* Frameworks */,
				43807CF327E1FCEC0056A3D3 /* Resources */,
			);
			buildRules = (
			);
			dependencies = (
			);
			name = Moc;
			packageProductDependencies = (
				43807DA427E2137A0056A3D3 /* Resolver */,
				43807DA727E2138A0056A3D3 /* Lottie */,
				43807DAA27E2139B0056A3D3 /* AlertToast */,
				43807DAD27E213B00056A3D3 /* KeychainSwift */,
				43807DB027E213C50056A3D3 /* TDLibKit */,
				43807DB727E214440056A3D3 /* Introspect */,
				43807DBB27E214970056A3D3 /* Backend */,
				43807DBD27E2149A0056A3D3 /* Caching */,
				43807DBF27E2149E0056A3D3 /* Logging */,
				43807DC127E214A10056A3D3 /* Utils */,
				43807DC327E214BC0056A3D3 /* SPSafeSymbols */,
				434203B7283CB01D003E344C /* Algorithms */,
			);
			productName = Moc;
			productReference = 43807CF527E1FCEC0056A3D3 /* Moc.app */;
			productType = "com.apple.product-type.application";
		};
		43807D0527E1FCEF0056A3D3 /* MocTests */ = {
			isa = PBXNativeTarget;
			buildConfigurationList = 43807D1D27E1FCEF0056A3D3 /* Build configuration list for PBXNativeTarget "MocTests" */;
			buildPhases = (
				43807D0227E1FCEF0056A3D3 /* Sources */,
				43807D0327E1FCEF0056A3D3 /* Frameworks */,
				43807D0427E1FCEF0056A3D3 /* Resources */,
			);
			buildRules = (
			);
			dependencies = (
				43807D0827E1FCEF0056A3D3 /* PBXTargetDependency */,
			);
			name = MocTests;
			productName = MocTests;
			productReference = 43807D0627E1FCEF0056A3D3 /* MocTests.xctest */;
			productType = "com.apple.product-type.bundle.unit-test";
		};
/* End PBXNativeTarget section */

/* Begin PBXProject section */
		43807CED27E1FCEC0056A3D3 /* Project object */ = {
			isa = PBXProject;
			attributes = {
				BuildIndependentTargetsInParallel = 1;
				LastSwiftUpdateCheck = 1330;
				LastUpgradeCheck = 1330;
				TargetAttributes = {
					43807CF427E1FCEC0056A3D3 = {
						CreatedOnToolsVersion = 13.3;
						LastSwiftMigration = 1330;
					};
					43807D0527E1FCEF0056A3D3 = {
						CreatedOnToolsVersion = 13.3;
						TestTargetID = 43807CF427E1FCEC0056A3D3;
					};
				};
			};
			buildConfigurationList = 43807CF027E1FCEC0056A3D3 /* Build configuration list for PBXProject "Moc" */;
			compatibilityVersion = "Xcode 13.0";
			developmentRegion = en;
			hasScannedForEncodings = 0;
			knownRegions = (
				en,
				Base,
			);
			mainGroup = 43807CEC27E1FCEC0056A3D3;
			packageReferences = (
				43807DA327E2137A0056A3D3 /* XCRemoteSwiftPackageReference "Resolver" */,
				43807DA627E213890056A3D3 /* XCRemoteSwiftPackageReference "lottie-ios" */,
				43807DA927E2139B0056A3D3 /* XCRemoteSwiftPackageReference "AlertToast" */,
				43807DAC27E213B00056A3D3 /* XCRemoteSwiftPackageReference "keychain-swift" */,
				43807DAF27E213C50056A3D3 /* XCRemoteSwiftPackageReference "TDLibKit" */,
				43807DB527E214270056A3D3 /* XCRemoteSwiftPackageReference "SPSafeSymbols" */,
				43807DB627E214440056A3D3 /* XCRemoteSwiftPackageReference "SwiftUI-Introspect" */,
				434203B6283CB01C003E344C /* XCRemoteSwiftPackageReference "swift-algorithms" */,
			);
			productRefGroup = 43807CF627E1FCEC0056A3D3 /* Products */;
			projectDirPath = "";
			projectRoot = "";
			targets = (
				43807CF427E1FCEC0056A3D3 /* Moc */,
				43807D0527E1FCEF0056A3D3 /* MocTests */,
			);
		};
/* End PBXProject section */

/* Begin PBXResourcesBuildPhase section */
		43807CF327E1FCEC0056A3D3 /* Resources */ = {
			isa = PBXResourcesBuildPhase;
			buildActionMask = 2147483647;
			files = (
				43807D8527E213350056A3D3 /* Preview Assets.xcassets in Resources */,
				43807D8427E213350056A3D3 /* Assets.xcassets in Resources */,
				43807D8627E213350056A3D3 /* Info.plist in Resources */,
			);
			runOnlyForDeploymentPostprocessing = 0;
		};
		43807D0427E1FCEF0056A3D3 /* Resources */ = {
			isa = PBXResourcesBuildPhase;
			buildActionMask = 2147483647;
			files = (
			);
			runOnlyForDeploymentPostprocessing = 0;
		};
/* End PBXResourcesBuildPhase section */

/* Begin PBXShellScriptBuildPhase section */
		43807DB927E214710056A3D3 /* Run SwiftLint */ = {
			isa = PBXShellScriptBuildPhase;
			alwaysOutOfDate = 1;
			buildActionMask = 2147483647;
			files = (
			);
			inputFileListPaths = (
			);
			inputPaths = (
			);
			name = "Run SwiftLint";
			outputFileListPaths = (
			);
			outputPaths = (
			);
			runOnlyForDeploymentPostprocessing = 0;
			shellPath = /bin/sh;
			shellScript = "swiftlint\n";
			showEnvVarsInLog = 0;
		};
/* End PBXShellScriptBuildPhase section */

/* Begin PBXSourcesBuildPhase section */
		43807CF127E1FCEC0056A3D3 /* Sources */ = {
			isa = PBXSourcesBuildPhase;
			buildActionMask = 2147483647;
			files = (
				43807DA227E213350056A3D3 /* MainViewModel.swift in Sources */,
				43807D7E27E213350056A3D3 /* MessageSender.swift in Sources */,
				43807D8B27E213350056A3D3 /* StickersPrefView.swift in Sources */,
				43807D9827E213350056A3D3 /* LottieView.swift in Sources */,
				43807D8727E213350056A3D3 /* AccountsPrefView.swift in Sources */,
				43807D9E27E213350056A3D3 /* XCAssets+Generated.swift in Sources */,
				43807D8827E213350056A3D3 /* PrivacyView.swift in Sources */,
				43807DA127E213350056A3D3 /* ChatViewModel.swift in Sources */,
				43807D9927E213350056A3D3 /* AppCommands.swift in Sources */,
				43807D9D27E213350056A3D3 /* SearchField.swift in Sources */,
				43807D9627E213350056A3D3 /* LoginView.swift in Sources */,
				43807D9527E213350056A3D3 /* ChatView.swift in Sources */,
				43807D8327E213350056A3D3 /* MocApp+Injection.swift in Sources */,
				43807D8C27E213350056A3D3 /* FoldersPrefView.swift in Sources */,
				43807D9127E213350056A3D3 /* PreferencesContent.swift in Sources */,
				43807D9027E213350056A3D3 /* NotificationsAndSoundsPrefView.swift in Sources */,
				43008544283B59D500ED5961 /* Image+File.swift in Sources */,
				43807D8F27E213350056A3D3 /* GeneralPrefView.swift in Sources */,
				43807D8127E213350056A3D3 /* Folder.swift in Sources */,
				43807D9227E213350056A3D3 /* ChatSplitView.swift in Sources */,
				43807D9B27E213350056A3D3 /* ViewRouter.swift in Sources */,
				43807D8027E213350056A3D3 /* Message.swift in Sources */,
				43807D9A27E213350056A3D3 /* FolderItemView.swift in Sources */,
				43807D9427E213350056A3D3 /* MessageView.swift in Sources */,
				43807D8E27E213350056A3D3 /* DevicesPrefView.swift in Sources */,
				43807D8A27E213350056A3D3 /* AppearancePrefView.swift in Sources */,
				43807D9327E213350056A3D3 /* MessageBubbleView.swift in Sources */,
				43807D7D27E213350056A3D3 /* AppDelegate.swift in Sources */,
				43008540283ABCA300ED5961 /* TDImage.swift in Sources */,
				43807D8927E213350056A3D3 /* DataAndStoragePrefView.swift in Sources */,
				43807D7F27E213350056A3D3 /* MessageContent.swift in Sources */,
				43807DA027E213350056A3D3 /* AccountsPrefViewModel.swift in Sources */,
				43807D8227E213350056A3D3 /* ChatType.swift in Sources */,
				43807D9C27E213350056A3D3 /* ContentView.swift in Sources */,
				43008546283C0DA000ED5961 /* Image+Blank.swift in Sources */,
				43807D9F27E213350056A3D3 /* Chat+Identifiable.swift in Sources */,
				43807D8D27E213350056A3D3 /* LanguagePrefView.swift in Sources */,
				43807D9727E213350056A3D3 /* ChatItemView.swift in Sources */,
			);
			runOnlyForDeploymentPostprocessing = 0;
		};
		43807D0227E1FCEF0056A3D3 /* Sources */ = {
			isa = PBXSourcesBuildPhase;
			buildActionMask = 2147483647;
			files = (
				43807D0B27E1FCEF0056A3D3 /* MocTests.swift in Sources */,
			);
			runOnlyForDeploymentPostprocessing = 0;
		};
/* End PBXSourcesBuildPhase section */

/* Begin PBXTargetDependency section */
		43807D0827E1FCEF0056A3D3 /* PBXTargetDependency */ = {
			isa = PBXTargetDependency;
			target = 43807CF427E1FCEC0056A3D3 /* Moc */;
			targetProxy = 43807D0727E1FCEF0056A3D3 /* PBXContainerItemProxy */;
		};
/* End PBXTargetDependency section */

/* Begin XCBuildConfiguration section */
		43807D1827E1FCEF0056A3D3 /* Debug */ = {
			isa = XCBuildConfiguration;
			buildSettings = {
				ALWAYS_SEARCH_USER_PATHS = NO;
				CLANG_ANALYZER_NONNULL = YES;
				CLANG_ANALYZER_NUMBER_OBJECT_CONVERSION = YES_AGGRESSIVE;
				CLANG_CXX_LANGUAGE_STANDARD = "gnu++17";
				CLANG_ENABLE_MODULES = YES;
				CLANG_ENABLE_OBJC_ARC = YES;
				CLANG_ENABLE_OBJC_WEAK = YES;
				CLANG_WARN_BLOCK_CAPTURE_AUTORELEASING = YES;
				CLANG_WARN_BOOL_CONVERSION = YES;
				CLANG_WARN_COMMA = YES;
				CLANG_WARN_CONSTANT_CONVERSION = YES;
				CLANG_WARN_DEPRECATED_OBJC_IMPLEMENTATIONS = YES;
				CLANG_WARN_DIRECT_OBJC_ISA_USAGE = YES_ERROR;
				CLANG_WARN_DOCUMENTATION_COMMENTS = YES;
				CLANG_WARN_EMPTY_BODY = YES;
				CLANG_WARN_ENUM_CONVERSION = YES;
				CLANG_WARN_INFINITE_RECURSION = YES;
				CLANG_WARN_INT_CONVERSION = YES;
				CLANG_WARN_NON_LITERAL_NULL_CONVERSION = YES;
				CLANG_WARN_OBJC_IMPLICIT_RETAIN_SELF = YES;
				CLANG_WARN_OBJC_LITERAL_CONVERSION = YES;
				CLANG_WARN_OBJC_ROOT_CLASS = YES_ERROR;
				CLANG_WARN_QUOTED_INCLUDE_IN_FRAMEWORK_HEADER = YES;
				CLANG_WARN_RANGE_LOOP_ANALYSIS = YES;
				CLANG_WARN_STRICT_PROTOTYPES = YES;
				CLANG_WARN_SUSPICIOUS_MOVE = YES;
				CLANG_WARN_UNGUARDED_AVAILABILITY = YES_AGGRESSIVE;
				CLANG_WARN_UNREACHABLE_CODE = YES;
				CLANG_WARN__DUPLICATE_METHOD_MATCH = YES;
				COPY_PHASE_STRIP = NO;
				DEBUG_INFORMATION_FORMAT = dwarf;
				ENABLE_STRICT_OBJC_MSGSEND = YES;
				ENABLE_TESTABILITY = YES;
				GCC_C_LANGUAGE_STANDARD = gnu11;
				GCC_DYNAMIC_NO_PIC = NO;
				GCC_NO_COMMON_BLOCKS = YES;
				GCC_OPTIMIZATION_LEVEL = 0;
				GCC_PREPROCESSOR_DEFINITIONS = (
					"DEBUG=1",
					"$(inherited)",
				);
				GCC_WARN_64_TO_32_BIT_CONVERSION = YES;
				GCC_WARN_ABOUT_RETURN_TYPE = YES_ERROR;
				GCC_WARN_UNDECLARED_SELECTOR = YES;
				GCC_WARN_UNINITIALIZED_AUTOS = YES_AGGRESSIVE;
				GCC_WARN_UNUSED_FUNCTION = YES;
				GCC_WARN_UNUSED_VARIABLE = YES;
				MACOSX_DEPLOYMENT_TARGET = 12.3;
				MTL_ENABLE_DEBUG_INFO = INCLUDE_SOURCE;
				MTL_FAST_MATH = YES;
				ONLY_ACTIVE_ARCH = YES;
				SDKROOT = macosx;
				SWIFT_ACTIVE_COMPILATION_CONDITIONS = DEBUG;
				SWIFT_OPTIMIZATION_LEVEL = "-Onone";
			};
			name = Debug;
		};
		43807D1927E1FCEF0056A3D3 /* Release */ = {
			isa = XCBuildConfiguration;
			buildSettings = {
				ALWAYS_SEARCH_USER_PATHS = NO;
				CLANG_ANALYZER_NONNULL = YES;
				CLANG_ANALYZER_NUMBER_OBJECT_CONVERSION = YES_AGGRESSIVE;
				CLANG_CXX_LANGUAGE_STANDARD = "gnu++17";
				CLANG_ENABLE_MODULES = YES;
				CLANG_ENABLE_OBJC_ARC = YES;
				CLANG_ENABLE_OBJC_WEAK = YES;
				CLANG_WARN_BLOCK_CAPTURE_AUTORELEASING = YES;
				CLANG_WARN_BOOL_CONVERSION = YES;
				CLANG_WARN_COMMA = YES;
				CLANG_WARN_CONSTANT_CONVERSION = YES;
				CLANG_WARN_DEPRECATED_OBJC_IMPLEMENTATIONS = YES;
				CLANG_WARN_DIRECT_OBJC_ISA_USAGE = YES_ERROR;
				CLANG_WARN_DOCUMENTATION_COMMENTS = YES;
				CLANG_WARN_EMPTY_BODY = YES;
				CLANG_WARN_ENUM_CONVERSION = YES;
				CLANG_WARN_INFINITE_RECURSION = YES;
				CLANG_WARN_INT_CONVERSION = YES;
				CLANG_WARN_NON_LITERAL_NULL_CONVERSION = YES;
				CLANG_WARN_OBJC_IMPLICIT_RETAIN_SELF = YES;
				CLANG_WARN_OBJC_LITERAL_CONVERSION = YES;
				CLANG_WARN_OBJC_ROOT_CLASS = YES_ERROR;
				CLANG_WARN_QUOTED_INCLUDE_IN_FRAMEWORK_HEADER = YES;
				CLANG_WARN_RANGE_LOOP_ANALYSIS = YES;
				CLANG_WARN_STRICT_PROTOTYPES = YES;
				CLANG_WARN_SUSPICIOUS_MOVE = YES;
				CLANG_WARN_UNGUARDED_AVAILABILITY = YES_AGGRESSIVE;
				CLANG_WARN_UNREACHABLE_CODE = YES;
				CLANG_WARN__DUPLICATE_METHOD_MATCH = YES;
				COPY_PHASE_STRIP = NO;
				DEBUG_INFORMATION_FORMAT = "dwarf-with-dsym";
				ENABLE_NS_ASSERTIONS = NO;
				ENABLE_STRICT_OBJC_MSGSEND = YES;
				GCC_C_LANGUAGE_STANDARD = gnu11;
				GCC_NO_COMMON_BLOCKS = YES;
				GCC_WARN_64_TO_32_BIT_CONVERSION = YES;
				GCC_WARN_ABOUT_RETURN_TYPE = YES_ERROR;
				GCC_WARN_UNDECLARED_SELECTOR = YES;
				GCC_WARN_UNINITIALIZED_AUTOS = YES_AGGRESSIVE;
				GCC_WARN_UNUSED_FUNCTION = YES;
				GCC_WARN_UNUSED_VARIABLE = YES;
				MACOSX_DEPLOYMENT_TARGET = 12.3;
				MTL_ENABLE_DEBUG_INFO = NO;
				MTL_FAST_MATH = YES;
				SDKROOT = macosx;
				SWIFT_COMPILATION_MODE = wholemodule;
				SWIFT_OPTIMIZATION_LEVEL = "-O";
			};
			name = Release;
		};
		43807D1B27E1FCEF0056A3D3 /* Debug */ = {
			isa = XCBuildConfiguration;
			buildSettings = {
				ASSETCATALOG_COMPILER_APPICON_NAME = AppIcon;
				ASSETCATALOG_COMPILER_GLOBAL_ACCENT_COLOR_NAME = AccentColor;
				CLANG_ENABLE_MODULES = YES;
				CODE_SIGN_ENTITLEMENTS = Moc/Moc.entitlements;
				CODE_SIGN_IDENTITY = "-";
				CODE_SIGN_STYLE = Automatic;
				COMBINE_HIDPI_IMAGES = YES;
				CURRENT_PROJECT_VERSION = 1;
				DEVELOPMENT_ASSET_PATHS = "\"Moc/Preview Content\"";
				DEVELOPMENT_TEAM = 9H3XZRTVLY;
				ENABLE_HARDENED_RUNTIME = YES;
				ENABLE_PREVIEWS = YES;
				GENERATE_INFOPLIST_FILE = YES;
				INFOPLIST_KEY_NSHumanReadableCopyright = "";
				LD_RUNPATH_SEARCH_PATHS = (
					"$(inherited)",
					"@executable_path/../Frameworks",
				);
				MARKETING_VERSION = 1.0;
				PRODUCT_BUNDLE_IDENTIFIER = dev.ggoraa.moc;
				PRODUCT_NAME = "$(TARGET_NAME)";
				SWIFT_EMIT_LOC_STRINGS = YES;
				SWIFT_OPTIMIZATION_LEVEL = "-Onone";
				SWIFT_VERSION = 5.0;
			};
			name = Debug;
		};
		43807D1C27E1FCEF0056A3D3 /* Release */ = {
			isa = XCBuildConfiguration;
			buildSettings = {
				ASSETCATALOG_COMPILER_APPICON_NAME = AppIcon;
				ASSETCATALOG_COMPILER_GLOBAL_ACCENT_COLOR_NAME = AccentColor;
				CLANG_ENABLE_MODULES = YES;
				CODE_SIGN_ENTITLEMENTS = Moc/Moc.entitlements;
				CODE_SIGN_IDENTITY = "-";
				CODE_SIGN_STYLE = Automatic;
				COMBINE_HIDPI_IMAGES = YES;
				CURRENT_PROJECT_VERSION = 1;
				DEVELOPMENT_ASSET_PATHS = "\"Moc/Preview Content\"";
				DEVELOPMENT_TEAM = 9H3XZRTVLY;
				ENABLE_HARDENED_RUNTIME = YES;
				ENABLE_PREVIEWS = YES;
				GENERATE_INFOPLIST_FILE = YES;
				INFOPLIST_KEY_NSHumanReadableCopyright = "";
				LD_RUNPATH_SEARCH_PATHS = (
					"$(inherited)",
					"@executable_path/../Frameworks",
				);
				MARKETING_VERSION = 1.0;
				PRODUCT_BUNDLE_IDENTIFIER = dev.ggoraa.moc;
				PRODUCT_NAME = "$(TARGET_NAME)";
				SWIFT_EMIT_LOC_STRINGS = YES;
				SWIFT_VERSION = 5.0;
			};
			name = Release;
		};
		43807D1E27E1FCEF0056A3D3 /* Debug */ = {
			isa = XCBuildConfiguration;
			buildSettings = {
				ALWAYS_EMBED_SWIFT_STANDARD_LIBRARIES = YES;
				BUNDLE_LOADER = "$(TEST_HOST)";
				CODE_SIGN_STYLE = Automatic;
				CURRENT_PROJECT_VERSION = 1;
				DEVELOPMENT_TEAM = 9H3XZRTVLY;
				GENERATE_INFOPLIST_FILE = YES;
				MACOSX_DEPLOYMENT_TARGET = 12.3;
				MARKETING_VERSION = 1.0;
				PRODUCT_BUNDLE_IDENTIFIER = dev.ggoraa.moc.MocTests;
				PRODUCT_NAME = "$(TARGET_NAME)";
				SWIFT_EMIT_LOC_STRINGS = NO;
				SWIFT_VERSION = 5.0;
				TEST_HOST = "$(BUILT_PRODUCTS_DIR)/Moc.app/Contents/MacOS/Moc";
			};
			name = Debug;
		};
		43807D1F27E1FCEF0056A3D3 /* Release */ = {
			isa = XCBuildConfiguration;
			buildSettings = {
				ALWAYS_EMBED_SWIFT_STANDARD_LIBRARIES = YES;
				BUNDLE_LOADER = "$(TEST_HOST)";
				CODE_SIGN_STYLE = Automatic;
				CURRENT_PROJECT_VERSION = 1;
				DEVELOPMENT_TEAM = 9H3XZRTVLY;
				GENERATE_INFOPLIST_FILE = YES;
				MACOSX_DEPLOYMENT_TARGET = 12.3;
				MARKETING_VERSION = 1.0;
				PRODUCT_BUNDLE_IDENTIFIER = dev.ggoraa.moc.MocTests;
				PRODUCT_NAME = "$(TARGET_NAME)";
				SWIFT_EMIT_LOC_STRINGS = NO;
				SWIFT_VERSION = 5.0;
				TEST_HOST = "$(BUILT_PRODUCTS_DIR)/Moc.app/Contents/MacOS/Moc";
			};
			name = Release;
		};
/* End XCBuildConfiguration section */

/* Begin XCConfigurationList section */
		43807CF027E1FCEC0056A3D3 /* Build configuration list for PBXProject "Moc" */ = {
			isa = XCConfigurationList;
			buildConfigurations = (
				43807D1827E1FCEF0056A3D3 /* Debug */,
				43807D1927E1FCEF0056A3D3 /* Release */,
			);
			defaultConfigurationIsVisible = 0;
			defaultConfigurationName = Release;
		};
		43807D1A27E1FCEF0056A3D3 /* Build configuration list for PBXNativeTarget "Moc" */ = {
			isa = XCConfigurationList;
			buildConfigurations = (
				43807D1B27E1FCEF0056A3D3 /* Debug */,
				43807D1C27E1FCEF0056A3D3 /* Release */,
			);
			defaultConfigurationIsVisible = 0;
			defaultConfigurationName = Release;
		};
		43807D1D27E1FCEF0056A3D3 /* Build configuration list for PBXNativeTarget "MocTests" */ = {
			isa = XCConfigurationList;
			buildConfigurations = (
				43807D1E27E1FCEF0056A3D3 /* Debug */,
				43807D1F27E1FCEF0056A3D3 /* Release */,
			);
			defaultConfigurationIsVisible = 0;
			defaultConfigurationName = Release;
		};
/* End XCConfigurationList section */

/* Begin XCRemoteSwiftPackageReference section */
		434203B6283CB01C003E344C /* XCRemoteSwiftPackageReference "swift-algorithms" */ = {
			isa = XCRemoteSwiftPackageReference;
			repositoryURL = "https://github.com/apple/swift-algorithms.git";
			requirement = {
				kind = upToNextMajorVersion;
				minimumVersion = 1.0.0;
			};
		};
		43807DA327E2137A0056A3D3 /* XCRemoteSwiftPackageReference "Resolver" */ = {
			isa = XCRemoteSwiftPackageReference;
			repositoryURL = "https://github.com/hmlongco/Resolver.git";
			requirement = {
				kind = upToNextMajorVersion;
				minimumVersion = 1.0.0;
			};
		};
		43807DA627E213890056A3D3 /* XCRemoteSwiftPackageReference "lottie-ios" */ = {
			isa = XCRemoteSwiftPackageReference;
			repositoryURL = "https://github.com/airbnb/lottie-ios.git";
			requirement = {
				kind = upToNextMajorVersion;
				minimumVersion = 3.0.0;
			};
		};
		43807DA927E2139B0056A3D3 /* XCRemoteSwiftPackageReference "AlertToast" */ = {
			isa = XCRemoteSwiftPackageReference;
			repositoryURL = "https://github.com/elai950/AlertToast.git";
			requirement = {
				kind = upToNextMajorVersion;
				minimumVersion = 1.0.0;
			};
		};
		43807DAC27E213B00056A3D3 /* XCRemoteSwiftPackageReference "keychain-swift" */ = {
			isa = XCRemoteSwiftPackageReference;
			repositoryURL = "https://github.com/evgenyneu/keychain-swift.git";
			requirement = {
				kind = exactVersion;
				version = 20.0.0;
			};
		};
		43807DAF27E213C50056A3D3 /* XCRemoteSwiftPackageReference "TDLibKit" */ = {
			isa = XCRemoteSwiftPackageReference;
			repositoryURL = "https://github.com/Swiftgram/TDLibKit.git";
			requirement = {
				kind = exactVersion;
				version = "1.2.1-tdlib-1.8.3-9c9a74c5";
			};
		};
		43807DB527E214270056A3D3 /* XCRemoteSwiftPackageReference "SPSafeSymbols" */ = {
			isa = XCRemoteSwiftPackageReference;
			repositoryURL = "https://github.com/ivanvorobei/SPSafeSymbols.git";
			requirement = {
				kind = upToNextMajorVersion;
				minimumVersion = 1.0.0;
			};
		};
		43807DB627E214440056A3D3 /* XCRemoteSwiftPackageReference "SwiftUI-Introspect" */ = {
			isa = XCRemoteSwiftPackageReference;
			repositoryURL = "https://github.com/siteline/SwiftUI-Introspect.git";
			requirement = {
				kind = upToNextMajorVersion;
				minimumVersion = 0.1.4;
			};
		};
/* End XCRemoteSwiftPackageReference section */

/* Begin XCSwiftPackageProductDependency section */
		434203B7283CB01D003E344C /* Algorithms */ = {
			isa = XCSwiftPackageProductDependency;
			package = 434203B6283CB01C003E344C /* XCRemoteSwiftPackageReference "swift-algorithms" */;
			productName = Algorithms;
		};
		43807DA427E2137A0056A3D3 /* Resolver */ = {
			isa = XCSwiftPackageProductDependency;
			package = 43807DA327E2137A0056A3D3 /* XCRemoteSwiftPackageReference "Resolver" */;
			productName = Resolver;
		};
		43807DA727E2138A0056A3D3 /* Lottie */ = {
			isa = XCSwiftPackageProductDependency;
			package = 43807DA627E213890056A3D3 /* XCRemoteSwiftPackageReference "lottie-ios" */;
			productName = Lottie;
		};
		43807DAA27E2139B0056A3D3 /* AlertToast */ = {
			isa = XCSwiftPackageProductDependency;
			package = 43807DA927E2139B0056A3D3 /* XCRemoteSwiftPackageReference "AlertToast" */;
			productName = AlertToast;
		};
		43807DAD27E213B00056A3D3 /* KeychainSwift */ = {
			isa = XCSwiftPackageProductDependency;
			package = 43807DAC27E213B00056A3D3 /* XCRemoteSwiftPackageReference "keychain-swift" */;
			productName = KeychainSwift;
		};
		43807DB027E213C50056A3D3 /* TDLibKit */ = {
			isa = XCSwiftPackageProductDependency;
			package = 43807DAF27E213C50056A3D3 /* XCRemoteSwiftPackageReference "TDLibKit" */;
			productName = TDLibKit;
		};
		43807DB727E214440056A3D3 /* Introspect */ = {
			isa = XCSwiftPackageProductDependency;
			package = 43807DB627E214440056A3D3 /* XCRemoteSwiftPackageReference "SwiftUI-Introspect" */;
			productName = Introspect;
		};
		43807DBB27E214970056A3D3 /* Backend */ = {
			isa = XCSwiftPackageProductDependency;
			productName = Backend;
		};
		43807DBD27E2149A0056A3D3 /* Caching */ = {
			isa = XCSwiftPackageProductDependency;
			productName = Caching;
		};
		43807DBF27E2149E0056A3D3 /* Logging */ = {
			isa = XCSwiftPackageProductDependency;
			productName = Logging;
		};
		43807DC127E214A10056A3D3 /* Utils */ = {
			isa = XCSwiftPackageProductDependency;
			productName = Utils;
		};
		43807DC327E214BC0056A3D3 /* SPSafeSymbols */ = {
			isa = XCSwiftPackageProductDependency;
			package = 43807DB527E214270056A3D3 /* XCRemoteSwiftPackageReference "SPSafeSymbols" */;
			productName = SPSafeSymbols;
		};
/* End XCSwiftPackageProductDependency section */
	};
	rootObject = 43807CED27E1FCEC0056A3D3 /* Project object */;
}
