// !$*UTF8*$!
{
	archiveVersion = 1;
	classes = {
	};
	objectVersion = 56;
	objects = {

/* Begin PBXBuildFile section */
		43008544283B59D500ED5961 /* Image+File.swift in Sources */ = {isa = PBXBuildFile; fileRef = 43008543283B59D500ED5961 /* Image+File.swift */; };
		43016AA92842DE3000C219B4 /* Caching in Frameworks */ = {isa = PBXBuildFile; productRef = 43016AA82842DE3000C219B4 /* Caching */; };
		4305C476285B1C3200F6E7FF /* DefaultKeys.swift in Sources */ = {isa = PBXBuildFile; fileRef = 4305C475285B1C3200F6E7FF /* DefaultKeys.swift */; };
		4309BCF6283D6E6A00F43170 /* View+If.swift in Sources */ = {isa = PBXBuildFile; fileRef = 4309BCF5283D6E6A00F43170 /* View+If.swift */; };
		430D745E286D00F10031C2F9 /* MessageView+Document.swift in Sources */ = {isa = PBXBuildFile; fileRef = 430D745D286D00F10031C2F9 /* MessageView+Document.swift */; };
		4312154B2858C2CF009EFEB5 /* GenerateQRCode.swift in Sources */ = {isa = PBXBuildFile; fileRef = 4312154A2858C2CF009EFEB5 /* GenerateQRCode.swift */; platformFilter = ios; };
		4312154D2858C326009EFEB5 /* GenerateQRCode.swift in Sources */ = {isa = PBXBuildFile; fileRef = 4312154C2858C326009EFEB5 /* GenerateQRCode.swift */; platformFilters = (macos, ); };
		4312154F2858E4B6009EFEB5 /* Int+Digits.swift in Sources */ = {isa = PBXBuildFile; fileRef = 4312154E2858E4B6009EFEB5 /* Int+Digits.swift */; };
		431215522858E50B009EFEB5 /* ComplexModule in Frameworks */ = {isa = PBXBuildFile; productRef = 431215512858E50B009EFEB5 /* ComplexModule */; };
		431215542858E50B009EFEB5 /* Numerics in Frameworks */ = {isa = PBXBuildFile; productRef = 431215532858E50B009EFEB5 /* Numerics */; };
		431215562858E50B009EFEB5 /* RealModule in Frameworks */ = {isa = PBXBuildFile; productRef = 431215552858E50B009EFEB5 /* RealModule */; };
		432AF5622874AF3800272AEF /* MessageContent+Preview.swift in Sources */ = {isa = PBXBuildFile; fileRef = 432AF5612874AF3800272AEF /* MessageContent+Preview.swift */; };
		433464E6284078E20010406F /* AutoHashable.generated.swift in Sources */ = {isa = PBXBuildFile; fileRef = 433464E5284078E20010406F /* AutoHashable.generated.swift */; };
		433464EA284179090010406F /* FoldersPrefViewModel.swift in Sources */ = {isa = PBXBuildFile; fileRef = 433464E9284179090010406F /* FoldersPrefViewModel.swift */; };
		433EDD942860E7CB009D03D5 /* QuickLookPreviewWrapper.swift in Sources */ = {isa = PBXBuildFile; fileRef = 433EDD932860E7CB009D03D5 /* QuickLookPreviewWrapper.swift */; platformFilters = (macos, ); };
		433EDD972860E9C0009D03D5 /* QuickLookView.swift in Sources */ = {isa = PBXBuildFile; fileRef = 433EDD962860E9C0009D03D5 /* QuickLookView.swift */; platformFilters = (macos, ); };
		433EDD9A2860EBAA009D03D5 /* AsyncTdQuickLookView.swift in Sources */ = {isa = PBXBuildFile; fileRef = 433EDD992860EBAA009D03D5 /* AsyncTdQuickLookView.swift */; };
		434203B8283CB01D003E344C /* Algorithms in Frameworks */ = {isa = PBXBuildFile; productRef = 434203B7283CB01D003E344C /* Algorithms */; };
		434A07172869003200A2BBA5 /* AVPlayerViewWrapper.swift in Sources */ = {isa = PBXBuildFile; fileRef = 434A07162869003200A2BBA5 /* AVPlayerViewWrapper.swift */; platformFilters = (macos, ); };
		434A60802848AA000086B866 /* ChatPickerView.swift in Sources */ = {isa = PBXBuildFile; fileRef = 434A607F2848AA000086B866 /* ChatPickerView.swift */; };
		4360D6E3283FE2BE00D3378F /* Collections in Frameworks */ = {isa = PBXBuildFile; productRef = 4360D6E2283FE2BE00D3378F /* Collections */; };
		4360D6E5283FE2BE00D3378F /* DequeModule in Frameworks */ = {isa = PBXBuildFile; productRef = 4360D6E4283FE2BE00D3378F /* DequeModule */; };
		4360D6E7283FE2BE00D3378F /* OrderedCollections in Frameworks */ = {isa = PBXBuildFile; productRef = 4360D6E6283FE2BE00D3378F /* OrderedCollections */; };
		4367071F2861A6CD00587A63 /* QuickLookPreviewWrapper.swift in Sources */ = {isa = PBXBuildFile; fileRef = 4367071E2861A6CD00587A63 /* QuickLookPreviewWrapper.swift */; platformFilter = ios; };
		436707212861A8A500587A63 /* QuickLookPreviewItem.swift in Sources */ = {isa = PBXBuildFile; fileRef = 436707202861A8A500587A63 /* QuickLookPreviewItem.swift */; platformFilter = ios; };
		436707232861A8CA00587A63 /* View+QuickLook.swift in Sources */ = {isa = PBXBuildFile; fileRef = 436707222861A8CA00587A63 /* View+QuickLook.swift */; platformFilter = ios; };
		436707292862295200587A63 /* MessageView+Utils.swift in Sources */ = {isa = PBXBuildFile; fileRef = 436707282862295200587A63 /* MessageView+Utils.swift */; };
		4367072B286229B000587A63 /* MessageView+Photo.swift in Sources */ = {isa = PBXBuildFile; fileRef = 4367072A286229B000587A63 /* MessageView+Photo.swift */; };
		4367072D28622CD700587A63 /* MessageView+Bubble.swift in Sources */ = {isa = PBXBuildFile; fileRef = 4367072C28622CD700587A63 /* MessageView+Bubble.swift */; };
		4367072F28622D0400587A63 /* MessageView+Message.swift in Sources */ = {isa = PBXBuildFile; fileRef = 4367072E28622D0400587A63 /* MessageView+Message.swift */; };
		4371AC172873126A0081776F /* ReplyMessage.swift in Sources */ = {isa = PBXBuildFile; fileRef = 4371AC162873126A0081776F /* ReplyMessage.swift */; };
		437329162869F9A1003C08D8 /* AVPlayerViewWrapper.swift in Sources */ = {isa = PBXBuildFile; fileRef = 437329152869F9A1003C08D8 /* AVPlayerViewWrapper.swift */; platformFilter = ios; };
		43807D0B27E1FCEF0056A3D3 /* MocTests.swift in Sources */ = {isa = PBXBuildFile; fileRef = 43807D0A27E1FCEF0056A3D3 /* MocTests.swift */; };
		43807D7E27E213350056A3D3 /* MessageSender.swift in Sources */ = {isa = PBXBuildFile; fileRef = 43807D4B27E213350056A3D3 /* MessageSender.swift */; };
		43807D8027E213350056A3D3 /* Message.swift in Sources */ = {isa = PBXBuildFile; fileRef = 43807D4D27E213350056A3D3 /* Message.swift */; };
		43807D8227E213350056A3D3 /* ChatType.swift in Sources */ = {isa = PBXBuildFile; fileRef = 43807D4F27E213350056A3D3 /* ChatType.swift */; };
		43807D8327E213350056A3D3 /* MocApp+Injection.swift in Sources */ = {isa = PBXBuildFile; fileRef = 43807D5027E213350056A3D3 /* MocApp+Injection.swift */; };
		43807D8427E213350056A3D3 /* Assets.xcassets in Resources */ = {isa = PBXBuildFile; fileRef = 43807D5127E213350056A3D3 /* Assets.xcassets */; };
		43807D8527E213350056A3D3 /* Preview Assets.xcassets in Resources */ = {isa = PBXBuildFile; fileRef = 43807D5227E213350056A3D3 /* Preview Assets.xcassets */; };
		43807D8727E213350056A3D3 /* AccountsPrefView.swift in Sources */ = {isa = PBXBuildFile; fileRef = 43807D5827E213350056A3D3 /* AccountsPrefView.swift */; };
		43807D8827E213350056A3D3 /* PrivacyPrefView.swift in Sources */ = {isa = PBXBuildFile; fileRef = 43807D5927E213350056A3D3 /* PrivacyPrefView.swift */; };
		43807D8927E213350056A3D3 /* DataAndStoragePrefView.swift in Sources */ = {isa = PBXBuildFile; fileRef = 43807D5A27E213350056A3D3 /* DataAndStoragePrefView.swift */; };
		43807D8A27E213350056A3D3 /* AppearancePrefView.swift in Sources */ = {isa = PBXBuildFile; fileRef = 43807D5B27E213350056A3D3 /* AppearancePrefView.swift */; };
		43807D8B27E213350056A3D3 /* StickersPrefView.swift in Sources */ = {isa = PBXBuildFile; fileRef = 43807D5C27E213350056A3D3 /* StickersPrefView.swift */; };
		43807D8C27E213350056A3D3 /* FoldersPrefView.swift in Sources */ = {isa = PBXBuildFile; fileRef = 43807D5D27E213350056A3D3 /* FoldersPrefView.swift */; };
		43807D8D27E213350056A3D3 /* LanguagePrefView.swift in Sources */ = {isa = PBXBuildFile; fileRef = 43807D5E27E213350056A3D3 /* LanguagePrefView.swift */; };
		43807D8E27E213350056A3D3 /* DevicesPrefView.swift in Sources */ = {isa = PBXBuildFile; fileRef = 43807D5F27E213350056A3D3 /* DevicesPrefView.swift */; };
		43807D8F27E213350056A3D3 /* GeneralPrefView.swift in Sources */ = {isa = PBXBuildFile; fileRef = 43807D6027E213350056A3D3 /* GeneralPrefView.swift */; };
		43807D9027E213350056A3D3 /* NotificationsAndSoundsPrefView.swift in Sources */ = {isa = PBXBuildFile; fileRef = 43807D6127E213350056A3D3 /* NotificationsAndSoundsPrefView.swift */; };
		43807D9127E213350056A3D3 /* SettingsContent.swift in Sources */ = {isa = PBXBuildFile; fileRef = 43807D6227E213350056A3D3 /* SettingsContent.swift */; platformFilters = (macos, ); };
		43807D9227E213350056A3D3 /* ChatSplitView.swift in Sources */ = {isa = PBXBuildFile; fileRef = 43807D6427E213350056A3D3 /* ChatSplitView.swift */; };
		43807D9427E213350056A3D3 /* MessageView.swift in Sources */ = {isa = PBXBuildFile; fileRef = 43807D6727E213350056A3D3 /* MessageView.swift */; };
		43807D9527E213350056A3D3 /* ChatView.swift in Sources */ = {isa = PBXBuildFile; fileRef = 43807D6827E213350056A3D3 /* ChatView.swift */; };
		43807D9627E213350056A3D3 /* LoginView.swift in Sources */ = {isa = PBXBuildFile; fileRef = 43807D6927E213350056A3D3 /* LoginView.swift */; };
		43807D9727E213350056A3D3 /* ChatItemView.swift in Sources */ = {isa = PBXBuildFile; fileRef = 43807D6A27E213350056A3D3 /* ChatItemView.swift */; };
		43807D9827E213350056A3D3 /* LottieView.swift in Sources */ = {isa = PBXBuildFile; fileRef = 43807D6B27E213350056A3D3 /* LottieView.swift */; platformFilters = (macos, ); };
		43807D9927E213350056A3D3 /* AppCommands.swift in Sources */ = {isa = PBXBuildFile; fileRef = 43807D6D27E213350056A3D3 /* AppCommands.swift */; };
		43807D9A27E213350056A3D3 /* FolderItemView.swift in Sources */ = {isa = PBXBuildFile; fileRef = 43807D6E27E213350056A3D3 /* FolderItemView.swift */; };
		43807D9B27E213350056A3D3 /* ViewRouter.swift in Sources */ = {isa = PBXBuildFile; fileRef = 43807D6F27E213350056A3D3 /* ViewRouter.swift */; };
		43807D9C27E213350056A3D3 /* ContentView.swift in Sources */ = {isa = PBXBuildFile; fileRef = 43807D7027E213350056A3D3 /* ContentView.swift */; };
		43807D9D27E213350056A3D3 /* SearchField.swift in Sources */ = {isa = PBXBuildFile; fileRef = 43807D7227E213350056A3D3 /* SearchField.swift */; platformFilters = (macos, ); };
		43807D9E27E213350056A3D3 /* XCAssets+Generated.swift in Sources */ = {isa = PBXBuildFile; fileRef = 43807D7527E213350056A3D3 /* XCAssets+Generated.swift */; };
		43807D9F27E213350056A3D3 /* TDLibKit+Protocols.swift in Sources */ = {isa = PBXBuildFile; fileRef = 43807D7727E213350056A3D3 /* TDLibKit+Protocols.swift */; };
		43807DA027E213350056A3D3 /* AccountsPrefViewModel.swift in Sources */ = {isa = PBXBuildFile; fileRef = 43807D7A27E213350056A3D3 /* AccountsPrefViewModel.swift */; };
		43807DA127E213350056A3D3 /* ChatViewModel.swift in Sources */ = {isa = PBXBuildFile; fileRef = 43807D7B27E213350056A3D3 /* ChatViewModel.swift */; };
		43807DA227E213350056A3D3 /* MainViewModel.swift in Sources */ = {isa = PBXBuildFile; fileRef = 43807D7C27E213350056A3D3 /* MainViewModel.swift */; };
		43807DA527E2137A0056A3D3 /* Resolver in Frameworks */ = {isa = PBXBuildFile; productRef = 43807DA427E2137A0056A3D3 /* Resolver */; };
		43807DA827E2138A0056A3D3 /* Lottie in Frameworks */ = {isa = PBXBuildFile; productRef = 43807DA727E2138A0056A3D3 /* Lottie */; };
		43807DAB27E2139B0056A3D3 /* AlertToast in Frameworks */ = {isa = PBXBuildFile; productRef = 43807DAA27E2139B0056A3D3 /* AlertToast */; };
		43807DB127E213C50056A3D3 /* TDLibKit in Frameworks */ = {isa = PBXBuildFile; productRef = 43807DB027E213C50056A3D3 /* TDLibKit */; };
		43807DB827E214440056A3D3 /* Introspect in Frameworks */ = {isa = PBXBuildFile; productRef = 43807DB727E214440056A3D3 /* Introspect */; };
		43807DBC27E214970056A3D3 /* Backend in Frameworks */ = {isa = PBXBuildFile; productRef = 43807DBB27E214970056A3D3 /* Backend */; };
		43807DC727E214E50056A3D3 /* libc++.1.tbd in Frameworks */ = {isa = PBXBuildFile; fileRef = 43807DC527E214D30056A3D3 /* libc++.1.tbd */; };
		43807DC827E214E90056A3D3 /* libz.1.tbd in Frameworks */ = {isa = PBXBuildFile; fileRef = 43807DC627E214DD0056A3D3 /* libz.1.tbd */; };
		438B227D285DCA88000D65C8 /* AsyncTdImage.swift in Sources */ = {isa = PBXBuildFile; fileRef = 438B227C285DCA88000D65C8 /* AsyncTdImage.swift */; };
		438B227F285E3050000D65C8 /* LighterDarker.swift in Sources */ = {isa = PBXBuildFile; fileRef = 438B227E285E3050000D65C8 /* LighterDarker.swift */; platformFilter = ios; };
		438B2281285E3077000D65C8 /* LighterDarker.swift in Sources */ = {isa = PBXBuildFile; fileRef = 438B2280285E3077000D65C8 /* LighterDarker.swift */; platformFilters = (macos, ); };
		438B2283285E3098000D65C8 /* BackportedGradient.swift in Sources */ = {isa = PBXBuildFile; fileRef = 438B2282285E3098000D65C8 /* BackportedGradient.swift */; };
		438B2285285E558F000D65C8 /* ProfilePlaceholderView.swift in Sources */ = {isa = PBXBuildFile; fileRef = 438B2284285E558F000D65C8 /* ProfilePlaceholderView.swift */; };
		438B2287285E55B3000D65C8 /* PlaceholderStyle.swift in Sources */ = {isa = PBXBuildFile; fileRef = 438B2286285E55B3000D65C8 /* PlaceholderStyle.swift */; };
		4396B1512859E904004109AE /* SettingsContent.swift in Sources */ = {isa = PBXBuildFile; fileRef = 4396B1502859E904004109AE /* SettingsContent.swift */; platformFilter = ios; };
		439A8D642859CC4B00DE69AF /* TabLabelStyle.swift in Sources */ = {isa = PBXBuildFile; fileRef = 439A8D632859CC4B00DE69AF /* TabLabelStyle.swift */; };
		439BA4252863BBBC00339375 /* ChatListItemSelectedKey.swift in Sources */ = {isa = PBXBuildFile; fileRef = 439BA4242863BBBC00339375 /* ChatListItemSelectedKey.swift */; };
		439BA4282863C3CC00339375 /* LoginView+Welcome.swift in Sources */ = {isa = PBXBuildFile; fileRef = 439BA4272863C3CC00339375 /* LoginView+Welcome.swift */; };
		439BA42A2863C43000339375 /* LoginView+PhoneNumber.swift in Sources */ = {isa = PBXBuildFile; fileRef = 439BA4292863C43000339375 /* LoginView+PhoneNumber.swift */; };
		439BA42C2863C4B200339375 /* LoginView+Code.swift in Sources */ = {isa = PBXBuildFile; fileRef = 439BA42B2863C4B200339375 /* LoginView+Code.swift */; };
		439BA42E2863C4DF00339375 /* LoginView+QRCode.swift in Sources */ = {isa = PBXBuildFile; fileRef = 439BA42D2863C4DF00339375 /* LoginView+QRCode.swift */; };
		439BA4302863C57000339375 /* LoginView+Registration.swift in Sources */ = {isa = PBXBuildFile; fileRef = 439BA42F2863C57000339375 /* LoginView+Registration.swift */; };
		439BA4322863C5BA00339375 /* LoginView+2FACode.swift in Sources */ = {isa = PBXBuildFile; fileRef = 439BA4312863C5BA00339375 /* LoginView+2FACode.swift */; };
		439F35EF28736E9800EE1ED7 /* MessageView+Reply.swift in Sources */ = {isa = PBXBuildFile; fileRef = 439F35EE28736E9800EE1ED7 /* MessageView+Reply.swift */; };
		43A0AF7B2864A33800C0A8EF /* SplitViewAccessor.swift in Sources */ = {isa = PBXBuildFile; fileRef = 43A0AF7A2864A33800C0A8EF /* SplitViewAccessor.swift */; platformFilters = (macos, ); };
		43A0AF7F2864DFA500C0A8EF /* Shake.swift in Sources */ = {isa = PBXBuildFile; fileRef = 43A0AF7E2864DFA500C0A8EF /* Shake.swift */; };
		43A0AF812865173B00C0A8EF /* AsyncTdVideoPlayer.swift in Sources */ = {isa = PBXBuildFile; fileRef = 43A0AF802865173B00C0A8EF /* AsyncTdVideoPlayer.swift */; };
		43A0AF832865183300C0A8EF /* MessageView+Video.swift in Sources */ = {isa = PBXBuildFile; fileRef = 43A0AF822865183300C0A8EF /* MessageView+Video.swift */; };
		43A0AF85286518F900C0A8EF /* MessageView+Album.swift in Sources */ = {isa = PBXBuildFile; fileRef = 43A0AF84286518F900C0A8EF /* MessageView+Album.swift */; };
		43A0AF872865197400C0A8EF /* AsyncTdFile.swift in Sources */ = {isa = PBXBuildFile; fileRef = 43A0AF862865197400C0A8EF /* AsyncTdFile.swift */; };
		43A9637B2868C8AD0076F5FD /* SkeletonUI in Frameworks */ = {isa = PBXBuildFile; productRef = 43A9637A2868C8AD0076F5FD /* SkeletonUI */; };
		43ABC05D28500648009F529E /* ChatFolder.swift in Sources */ = {isa = PBXBuildFile; fileRef = 43ABC05C28500648009F529E /* ChatFolder.swift */; };
		43BFD915285CC2B000D8980A /* MultilineTextField.swift in Sources */ = {isa = PBXBuildFile; fileRef = 43BFD914285CC2B000D8980A /* MultilineTextField.swift */; platformFilter = ios; };
		43BFD917285CC30B00D8980A /* MultilineTextField.swift in Sources */ = {isa = PBXBuildFile; fileRef = 43BFD916285CC30B00D8980A /* MultilineTextField.swift */; platformFilters = (macos, ); };
		43BFD91C285D148100D8980A /* NWPathMonitor+Combine.swift in Sources */ = {isa = PBXBuildFile; fileRef = 43BFD91B285D148100D8980A /* NWPathMonitor+Combine.swift */; };
		43C0F49A285A58BD009F2419 /* View+SidebarSize.swift in Sources */ = {isa = PBXBuildFile; fileRef = 43C0F499285A58BD009F2419 /* View+SidebarSize.swift */; };
		43C0F49D285A68ED009F2419 /* Defaults in Frameworks */ = {isa = PBXBuildFile; productRef = 43C0F49C285A68ED009F2419 /* Defaults */; };
		43C0F4A0285A69AA009F2419 /* FolderLayout.swift in Sources */ = {isa = PBXBuildFile; fileRef = 43C0F49F285A69AA009F2419 /* FolderLayout.swift */; };
		43D389DF284A52A100214874 /* AutoEquatable.generated.swift in Sources */ = {isa = PBXBuildFile; fileRef = 43D389DE284A52A000214874 /* AutoEquatable.generated.swift */; };
		43EC18DA2856208A00FCAD43 /* libSystem.B.tbd in Frameworks */ = {isa = PBXBuildFile; fileRef = 43EC18D92856207C00FCAD43 /* libSystem.B.tbd */; platformFilter = ios; };
		43EC18DC285620AF00FCAD43 /* libc++abi.tbd in Frameworks */ = {isa = PBXBuildFile; fileRef = 43EC18DB285620A800FCAD43 /* libc++abi.tbd */; platformFilter = ios; };
		43EC18E22856782F00FCAD43 /* SearchField.swift in Sources */ = {isa = PBXBuildFile; fileRef = 43EC18E12856782F00FCAD43 /* SearchField.swift */; platformFilter = ios; };
/* End PBXBuildFile section */

/* Begin PBXContainerItemProxy section */
		43807D0727E1FCEF0056A3D3 /* PBXContainerItemProxy */ = {
			isa = PBXContainerItemProxy;
			containerPortal = 43807CED27E1FCEC0056A3D3 /* Project object */;
			proxyType = 1;
			remoteGlobalIDString = 43807CF427E1FCEC0056A3D3;
			remoteInfo = Moc;
		};
/* End PBXContainerItemProxy section */

/* Begin PBXFileReference section */
		43008543283B59D500ED5961 /* Image+File.swift */ = {isa = PBXFileReference; lastKnownFileType = sourcecode.swift; path = "Image+File.swift"; sourceTree = "<group>"; };
		43016AA72842CDF800C219B4 /* Caching */ = {isa = PBXFileReference; lastKnownFileType = wrapper; path = Caching; sourceTree = "<group>"; };
		4305C475285B1C3200F6E7FF /* DefaultKeys.swift */ = {isa = PBXFileReference; lastKnownFileType = sourcecode.swift; path = DefaultKeys.swift; sourceTree = "<group>"; };
		4309BCF5283D6E6A00F43170 /* View+If.swift */ = {isa = PBXFileReference; lastKnownFileType = sourcecode.swift; path = "View+If.swift"; sourceTree = "<group>"; };
		430D745D286D00F10031C2F9 /* MessageView+Document.swift */ = {isa = PBXFileReference; lastKnownFileType = sourcecode.swift; path = "MessageView+Document.swift"; sourceTree = "<group>"; };
		4312154A2858C2CF009EFEB5 /* GenerateQRCode.swift */ = {isa = PBXFileReference; lastKnownFileType = sourcecode.swift; path = GenerateQRCode.swift; sourceTree = "<group>"; };
		4312154C2858C326009EFEB5 /* GenerateQRCode.swift */ = {isa = PBXFileReference; fileEncoding = 4; lastKnownFileType = sourcecode.swift; path = GenerateQRCode.swift; sourceTree = "<group>"; };
		4312154E2858E4B6009EFEB5 /* Int+Digits.swift */ = {isa = PBXFileReference; lastKnownFileType = sourcecode.swift; path = "Int+Digits.swift"; sourceTree = "<group>"; };
		432AF5612874AF3800272AEF /* MessageContent+Preview.swift */ = {isa = PBXFileReference; lastKnownFileType = sourcecode.swift; path = "MessageContent+Preview.swift"; sourceTree = "<group>"; };
		433464E5284078E20010406F /* AutoHashable.generated.swift */ = {isa = PBXFileReference; fileEncoding = 4; lastKnownFileType = sourcecode.swift; path = AutoHashable.generated.swift; sourceTree = "<group>"; };
		433464E9284179090010406F /* FoldersPrefViewModel.swift */ = {isa = PBXFileReference; lastKnownFileType = sourcecode.swift; path = FoldersPrefViewModel.swift; sourceTree = "<group>"; };
		433EDD932860E7CB009D03D5 /* QuickLookPreviewWrapper.swift */ = {isa = PBXFileReference; lastKnownFileType = sourcecode.swift; path = QuickLookPreviewWrapper.swift; sourceTree = "<group>"; };
		433EDD962860E9C0009D03D5 /* QuickLookView.swift */ = {isa = PBXFileReference; lastKnownFileType = sourcecode.swift; path = QuickLookView.swift; sourceTree = "<group>"; };
		433EDD992860EBAA009D03D5 /* AsyncTdQuickLookView.swift */ = {isa = PBXFileReference; lastKnownFileType = sourcecode.swift; path = AsyncTdQuickLookView.swift; sourceTree = "<group>"; };
		434A07162869003200A2BBA5 /* AVPlayerViewWrapper.swift */ = {isa = PBXFileReference; fileEncoding = 4; lastKnownFileType = sourcecode.swift; path = AVPlayerViewWrapper.swift; sourceTree = "<group>"; };
		434A607F2848AA000086B866 /* ChatPickerView.swift */ = {isa = PBXFileReference; lastKnownFileType = sourcecode.swift; path = ChatPickerView.swift; sourceTree = "<group>"; };
		4367071E2861A6CD00587A63 /* QuickLookPreviewWrapper.swift */ = {isa = PBXFileReference; lastKnownFileType = sourcecode.swift; path = QuickLookPreviewWrapper.swift; sourceTree = "<group>"; };
		436707202861A8A500587A63 /* QuickLookPreviewItem.swift */ = {isa = PBXFileReference; lastKnownFileType = sourcecode.swift; path = QuickLookPreviewItem.swift; sourceTree = "<group>"; };
		436707222861A8CA00587A63 /* View+QuickLook.swift */ = {isa = PBXFileReference; lastKnownFileType = sourcecode.swift; path = "View+QuickLook.swift"; sourceTree = "<group>"; };
		436707282862295200587A63 /* MessageView+Utils.swift */ = {isa = PBXFileReference; lastKnownFileType = sourcecode.swift; path = "MessageView+Utils.swift"; sourceTree = "<group>"; };
		4367072A286229B000587A63 /* MessageView+Photo.swift */ = {isa = PBXFileReference; lastKnownFileType = sourcecode.swift; path = "MessageView+Photo.swift"; sourceTree = "<group>"; };
		4367072C28622CD700587A63 /* MessageView+Bubble.swift */ = {isa = PBXFileReference; lastKnownFileType = sourcecode.swift; path = "MessageView+Bubble.swift"; sourceTree = "<group>"; };
		4367072E28622D0400587A63 /* MessageView+Message.swift */ = {isa = PBXFileReference; lastKnownFileType = sourcecode.swift; path = "MessageView+Message.swift"; sourceTree = "<group>"; };
		4371AC162873126A0081776F /* ReplyMessage.swift */ = {isa = PBXFileReference; lastKnownFileType = sourcecode.swift; path = ReplyMessage.swift; sourceTree = "<group>"; };
		437329152869F9A1003C08D8 /* AVPlayerViewWrapper.swift */ = {isa = PBXFileReference; lastKnownFileType = sourcecode.swift; path = AVPlayerViewWrapper.swift; sourceTree = "<group>"; };
		43807CF527E1FCEC0056A3D3 /* Moc.app */ = {isa = PBXFileReference; explicitFileType = wrapper.application; includeInIndex = 0; path = Moc.app; sourceTree = BUILT_PRODUCTS_DIR; };
		43807D0627E1FCEF0056A3D3 /* MocTests.xctest */ = {isa = PBXFileReference; explicitFileType = wrapper.cfbundle; includeInIndex = 0; path = MocTests.xctest; sourceTree = BUILT_PRODUCTS_DIR; };
		43807D0A27E1FCEF0056A3D3 /* MocTests.swift */ = {isa = PBXFileReference; lastKnownFileType = sourcecode.swift; path = MocTests.swift; sourceTree = "<group>"; };
		43807D2327E2129C0056A3D3 /* Backend */ = {isa = PBXFileReference; lastKnownFileType = wrapper; path = Backend; sourceTree = "<group>"; };
		43807D4B27E213350056A3D3 /* MessageSender.swift */ = {isa = PBXFileReference; fileEncoding = 4; lastKnownFileType = sourcecode.swift; path = MessageSender.swift; sourceTree = "<group>"; };
		43807D4D27E213350056A3D3 /* Message.swift */ = {isa = PBXFileReference; fileEncoding = 4; lastKnownFileType = sourcecode.swift; path = Message.swift; sourceTree = "<group>"; };
		43807D4F27E213350056A3D3 /* ChatType.swift */ = {isa = PBXFileReference; fileEncoding = 4; lastKnownFileType = sourcecode.swift; path = ChatType.swift; sourceTree = "<group>"; };
		43807D5027E213350056A3D3 /* MocApp+Injection.swift */ = {isa = PBXFileReference; fileEncoding = 4; lastKnownFileType = sourcecode.swift; path = "MocApp+Injection.swift"; sourceTree = "<group>"; };
		43807D5127E213350056A3D3 /* Assets.xcassets */ = {isa = PBXFileReference; lastKnownFileType = folder.assetcatalog; path = Assets.xcassets; sourceTree = "<group>"; };
		43807D5227E213350056A3D3 /* Preview Assets.xcassets */ = {isa = PBXFileReference; lastKnownFileType = folder.assetcatalog; path = "Preview Assets.xcassets"; sourceTree = "<group>"; };
		43807D5327E213350056A3D3 /* Moc.entitlements */ = {isa = PBXFileReference; fileEncoding = 4; lastKnownFileType = text.plist.entitlements; path = Moc.entitlements; sourceTree = "<group>"; };
		43807D5427E213350056A3D3 /* Info.plist */ = {isa = PBXFileReference; fileEncoding = 4; lastKnownFileType = text.plist.xml; path = Info.plist; sourceTree = "<group>"; };
		43807D5827E213350056A3D3 /* AccountsPrefView.swift */ = {isa = PBXFileReference; fileEncoding = 4; lastKnownFileType = sourcecode.swift; path = AccountsPrefView.swift; sourceTree = "<group>"; };
		43807D5927E213350056A3D3 /* PrivacyPrefView.swift */ = {isa = PBXFileReference; fileEncoding = 4; lastKnownFileType = sourcecode.swift; path = PrivacyPrefView.swift; sourceTree = "<group>"; };
		43807D5A27E213350056A3D3 /* DataAndStoragePrefView.swift */ = {isa = PBXFileReference; fileEncoding = 4; lastKnownFileType = sourcecode.swift; path = DataAndStoragePrefView.swift; sourceTree = "<group>"; };
		43807D5B27E213350056A3D3 /* AppearancePrefView.swift */ = {isa = PBXFileReference; fileEncoding = 4; lastKnownFileType = sourcecode.swift; path = AppearancePrefView.swift; sourceTree = "<group>"; };
		43807D5C27E213350056A3D3 /* StickersPrefView.swift */ = {isa = PBXFileReference; fileEncoding = 4; lastKnownFileType = sourcecode.swift; path = StickersPrefView.swift; sourceTree = "<group>"; };
		43807D5D27E213350056A3D3 /* FoldersPrefView.swift */ = {isa = PBXFileReference; fileEncoding = 4; lastKnownFileType = sourcecode.swift; path = FoldersPrefView.swift; sourceTree = "<group>"; };
		43807D5E27E213350056A3D3 /* LanguagePrefView.swift */ = {isa = PBXFileReference; fileEncoding = 4; lastKnownFileType = sourcecode.swift; path = LanguagePrefView.swift; sourceTree = "<group>"; };
		43807D5F27E213350056A3D3 /* DevicesPrefView.swift */ = {isa = PBXFileReference; fileEncoding = 4; lastKnownFileType = sourcecode.swift; path = DevicesPrefView.swift; sourceTree = "<group>"; };
		43807D6027E213350056A3D3 /* GeneralPrefView.swift */ = {isa = PBXFileReference; fileEncoding = 4; lastKnownFileType = sourcecode.swift; path = GeneralPrefView.swift; sourceTree = "<group>"; };
		43807D6127E213350056A3D3 /* NotificationsAndSoundsPrefView.swift */ = {isa = PBXFileReference; fileEncoding = 4; lastKnownFileType = sourcecode.swift; path = NotificationsAndSoundsPrefView.swift; sourceTree = "<group>"; };
		43807D6227E213350056A3D3 /* SettingsContent.swift */ = {isa = PBXFileReference; fileEncoding = 4; lastKnownFileType = sourcecode.swift; path = SettingsContent.swift; sourceTree = "<group>"; };
		43807D6427E213350056A3D3 /* ChatSplitView.swift */ = {isa = PBXFileReference; fileEncoding = 4; lastKnownFileType = sourcecode.swift; path = ChatSplitView.swift; sourceTree = "<group>"; };
		43807D6727E213350056A3D3 /* MessageView.swift */ = {isa = PBXFileReference; fileEncoding = 4; lastKnownFileType = sourcecode.swift; path = MessageView.swift; sourceTree = "<group>"; };
		43807D6827E213350056A3D3 /* ChatView.swift */ = {isa = PBXFileReference; fileEncoding = 4; lastKnownFileType = sourcecode.swift; path = ChatView.swift; sourceTree = "<group>"; };
		43807D6927E213350056A3D3 /* LoginView.swift */ = {isa = PBXFileReference; fileEncoding = 4; lastKnownFileType = sourcecode.swift; path = LoginView.swift; sourceTree = "<group>"; };
		43807D6A27E213350056A3D3 /* ChatItemView.swift */ = {isa = PBXFileReference; fileEncoding = 4; lastKnownFileType = sourcecode.swift; path = ChatItemView.swift; sourceTree = "<group>"; };
		43807D6B27E213350056A3D3 /* LottieView.swift */ = {isa = PBXFileReference; fileEncoding = 4; lastKnownFileType = sourcecode.swift; path = LottieView.swift; sourceTree = "<group>"; };
		43807D6D27E213350056A3D3 /* AppCommands.swift */ = {isa = PBXFileReference; fileEncoding = 4; lastKnownFileType = sourcecode.swift; path = AppCommands.swift; sourceTree = "<group>"; };
		43807D6E27E213350056A3D3 /* FolderItemView.swift */ = {isa = PBXFileReference; fileEncoding = 4; lastKnownFileType = sourcecode.swift; path = FolderItemView.swift; sourceTree = "<group>"; };
		43807D6F27E213350056A3D3 /* ViewRouter.swift */ = {isa = PBXFileReference; fileEncoding = 4; lastKnownFileType = sourcecode.swift; path = ViewRouter.swift; sourceTree = "<group>"; };
		43807D7027E213350056A3D3 /* ContentView.swift */ = {isa = PBXFileReference; fileEncoding = 4; lastKnownFileType = sourcecode.swift; path = ContentView.swift; sourceTree = "<group>"; };
		43807D7227E213350056A3D3 /* SearchField.swift */ = {isa = PBXFileReference; fileEncoding = 4; lastKnownFileType = sourcecode.swift; path = SearchField.swift; sourceTree = "<group>"; };
		43807D7527E213350056A3D3 /* XCAssets+Generated.swift */ = {isa = PBXFileReference; fileEncoding = 4; lastKnownFileType = sourcecode.swift; path = "XCAssets+Generated.swift"; sourceTree = "<group>"; };
		43807D7727E213350056A3D3 /* TDLibKit+Protocols.swift */ = {isa = PBXFileReference; fileEncoding = 4; lastKnownFileType = sourcecode.swift; path = "TDLibKit+Protocols.swift"; sourceTree = "<group>"; };
		43807D7A27E213350056A3D3 /* AccountsPrefViewModel.swift */ = {isa = PBXFileReference; fileEncoding = 4; lastKnownFileType = sourcecode.swift; path = AccountsPrefViewModel.swift; sourceTree = "<group>"; };
		43807D7B27E213350056A3D3 /* ChatViewModel.swift */ = {isa = PBXFileReference; fileEncoding = 4; lastKnownFileType = sourcecode.swift; path = ChatViewModel.swift; sourceTree = "<group>"; };
		43807D7C27E213350056A3D3 /* MainViewModel.swift */ = {isa = PBXFileReference; fileEncoding = 4; lastKnownFileType = sourcecode.swift; path = MainViewModel.swift; sourceTree = "<group>"; };
		43807DC527E214D30056A3D3 /* libc++.1.tbd */ = {isa = PBXFileReference; lastKnownFileType = "sourcecode.text-based-dylib-definition"; name = "libc++.1.tbd"; path = "usr/lib/libc++.1.tbd"; sourceTree = SDKROOT; };
		43807DC627E214DD0056A3D3 /* libz.1.tbd */ = {isa = PBXFileReference; lastKnownFileType = "sourcecode.text-based-dylib-definition"; name = libz.1.tbd; path = usr/lib/libz.1.tbd; sourceTree = SDKROOT; };
		438B227C285DCA88000D65C8 /* AsyncTdImage.swift */ = {isa = PBXFileReference; lastKnownFileType = sourcecode.swift; path = AsyncTdImage.swift; sourceTree = "<group>"; };
		438B227E285E3050000D65C8 /* LighterDarker.swift */ = {isa = PBXFileReference; lastKnownFileType = sourcecode.swift; path = LighterDarker.swift; sourceTree = "<group>"; };
		438B2280285E3077000D65C8 /* LighterDarker.swift */ = {isa = PBXFileReference; lastKnownFileType = sourcecode.swift; path = LighterDarker.swift; sourceTree = "<group>"; };
		438B2282285E3098000D65C8 /* BackportedGradient.swift */ = {isa = PBXFileReference; lastKnownFileType = sourcecode.swift; path = BackportedGradient.swift; sourceTree = "<group>"; };
		438B2284285E558F000D65C8 /* ProfilePlaceholderView.swift */ = {isa = PBXFileReference; lastKnownFileType = sourcecode.swift; path = ProfilePlaceholderView.swift; sourceTree = "<group>"; };
		438B2286285E55B3000D65C8 /* PlaceholderStyle.swift */ = {isa = PBXFileReference; lastKnownFileType = sourcecode.swift; path = PlaceholderStyle.swift; sourceTree = "<group>"; };
		4396B1502859E904004109AE /* SettingsContent.swift */ = {isa = PBXFileReference; fileEncoding = 4; lastKnownFileType = sourcecode.swift; path = SettingsContent.swift; sourceTree = "<group>"; };
		439A8D632859CC4B00DE69AF /* TabLabelStyle.swift */ = {isa = PBXFileReference; lastKnownFileType = sourcecode.swift; path = TabLabelStyle.swift; sourceTree = "<group>"; };
		439BA4242863BBBC00339375 /* ChatListItemSelectedKey.swift */ = {isa = PBXFileReference; lastKnownFileType = sourcecode.swift; path = ChatListItemSelectedKey.swift; sourceTree = "<group>"; };
		439BA4272863C3CC00339375 /* LoginView+Welcome.swift */ = {isa = PBXFileReference; lastKnownFileType = sourcecode.swift; path = "LoginView+Welcome.swift"; sourceTree = "<group>"; };
		439BA4292863C43000339375 /* LoginView+PhoneNumber.swift */ = {isa = PBXFileReference; lastKnownFileType = sourcecode.swift; path = "LoginView+PhoneNumber.swift"; sourceTree = "<group>"; };
		439BA42B2863C4B200339375 /* LoginView+Code.swift */ = {isa = PBXFileReference; lastKnownFileType = sourcecode.swift; path = "LoginView+Code.swift"; sourceTree = "<group>"; };
		439BA42D2863C4DF00339375 /* LoginView+QRCode.swift */ = {isa = PBXFileReference; lastKnownFileType = sourcecode.swift; path = "LoginView+QRCode.swift"; sourceTree = "<group>"; };
		439BA42F2863C57000339375 /* LoginView+Registration.swift */ = {isa = PBXFileReference; lastKnownFileType = sourcecode.swift; path = "LoginView+Registration.swift"; sourceTree = "<group>"; };
		439BA4312863C5BA00339375 /* LoginView+2FACode.swift */ = {isa = PBXFileReference; lastKnownFileType = sourcecode.swift; path = "LoginView+2FACode.swift"; sourceTree = "<group>"; };
		439F35EE28736E9800EE1ED7 /* MessageView+Reply.swift */ = {isa = PBXFileReference; lastKnownFileType = sourcecode.swift; path = "MessageView+Reply.swift"; sourceTree = "<group>"; };
		43A0AF7A2864A33800C0A8EF /* SplitViewAccessor.swift */ = {isa = PBXFileReference; lastKnownFileType = sourcecode.swift; path = SplitViewAccessor.swift; sourceTree = "<group>"; };
		43A0AF7E2864DFA500C0A8EF /* Shake.swift */ = {isa = PBXFileReference; lastKnownFileType = sourcecode.swift; path = Shake.swift; sourceTree = "<group>"; };
		43A0AF802865173B00C0A8EF /* AsyncTdVideoPlayer.swift */ = {isa = PBXFileReference; lastKnownFileType = sourcecode.swift; path = AsyncTdVideoPlayer.swift; sourceTree = "<group>"; };
		43A0AF822865183300C0A8EF /* MessageView+Video.swift */ = {isa = PBXFileReference; lastKnownFileType = sourcecode.swift; path = "MessageView+Video.swift"; sourceTree = "<group>"; };
		43A0AF84286518F900C0A8EF /* MessageView+Album.swift */ = {isa = PBXFileReference; lastKnownFileType = sourcecode.swift; path = "MessageView+Album.swift"; sourceTree = "<group>"; };
		43A0AF862865197400C0A8EF /* AsyncTdFile.swift */ = {isa = PBXFileReference; lastKnownFileType = sourcecode.swift; path = AsyncTdFile.swift; sourceTree = "<group>"; };
		43ABC05C28500648009F529E /* ChatFolder.swift */ = {isa = PBXFileReference; lastKnownFileType = sourcecode.swift; path = ChatFolder.swift; sourceTree = "<group>"; };
		43BFD914285CC2B000D8980A /* MultilineTextField.swift */ = {isa = PBXFileReference; lastKnownFileType = sourcecode.swift; path = MultilineTextField.swift; sourceTree = "<group>"; };
		43BFD916285CC30B00D8980A /* MultilineTextField.swift */ = {isa = PBXFileReference; lastKnownFileType = sourcecode.swift; path = MultilineTextField.swift; sourceTree = "<group>"; };
		43BFD91B285D148100D8980A /* NWPathMonitor+Combine.swift */ = {isa = PBXFileReference; lastKnownFileType = sourcecode.swift; path = "NWPathMonitor+Combine.swift"; sourceTree = "<group>"; };
		43C0F499285A58BD009F2419 /* View+SidebarSize.swift */ = {isa = PBXFileReference; lastKnownFileType = sourcecode.swift; path = "View+SidebarSize.swift"; sourceTree = "<group>"; };
		43C0F49F285A69AA009F2419 /* FolderLayout.swift */ = {isa = PBXFileReference; lastKnownFileType = sourcecode.swift; path = FolderLayout.swift; sourceTree = "<group>"; };
		43CA7FC9283E3988006E7AC9 /* Utilities */ = {isa = PBXFileReference; lastKnownFileType = wrapper; path = Utilities; sourceTree = "<group>"; };
		43D389DE284A52A000214874 /* AutoEquatable.generated.swift */ = {isa = PBXFileReference; fileEncoding = 4; lastKnownFileType = sourcecode.swift; path = AutoEquatable.generated.swift; sourceTree = "<group>"; };
		43EC18D92856207C00FCAD43 /* libSystem.B.tbd */ = {isa = PBXFileReference; lastKnownFileType = "sourcecode.text-based-dylib-definition"; name = libSystem.B.tbd; path = Platforms/iPhoneOS.platform/Developer/SDKs/iPhoneOS16.0.sdk/usr/lib/libSystem.B.tbd; sourceTree = DEVELOPER_DIR; };
		43EC18DB285620A800FCAD43 /* libc++abi.tbd */ = {isa = PBXFileReference; lastKnownFileType = "sourcecode.text-based-dylib-definition"; name = "libc++abi.tbd"; path = "Platforms/iPhoneOS.platform/Developer/SDKs/iPhoneOS16.0.sdk/usr/lib/libc++abi.tbd"; sourceTree = DEVELOPER_DIR; };
		43EC18E12856782F00FCAD43 /* SearchField.swift */ = {isa = PBXFileReference; lastKnownFileType = sourcecode.swift; path = SearchField.swift; sourceTree = "<group>"; };
		43F871B7283E21C700B6C717 /* Logs */ = {isa = PBXFileReference; lastKnownFileType = wrapper; path = Logs; sourceTree = "<group>"; };
/* End PBXFileReference section */

/* Begin PBXFrameworksBuildPhase section */
		43807CF227E1FCEC0056A3D3 /* Frameworks */ = {
			isa = PBXFrameworksBuildPhase;
			buildActionMask = 2147483647;
			files = (
				43807DAB27E2139B0056A3D3 /* AlertToast in Frameworks */,
				43807DB827E214440056A3D3 /* Introspect in Frameworks */,
				43807DA527E2137A0056A3D3 /* Resolver in Frameworks */,
				43016AA92842DE3000C219B4 /* Caching in Frameworks */,
				431215542858E50B009EFEB5 /* Numerics in Frameworks */,
				43A9637B2868C8AD0076F5FD /* SkeletonUI in Frameworks */,
				4360D6E3283FE2BE00D3378F /* Collections in Frameworks */,
				43C0F49D285A68ED009F2419 /* Defaults in Frameworks */,
				4360D6E5283FE2BE00D3378F /* DequeModule in Frameworks */,
				434203B8283CB01D003E344C /* Algorithms in Frameworks */,
				431215562858E50B009EFEB5 /* RealModule in Frameworks */,
				43807DA827E2138A0056A3D3 /* Lottie in Frameworks */,
				43807DC827E214E90056A3D3 /* libz.1.tbd in Frameworks */,
				43807DBC27E214970056A3D3 /* Backend in Frameworks */,
				43807DB127E213C50056A3D3 /* TDLibKit in Frameworks */,
				431215522858E50B009EFEB5 /* ComplexModule in Frameworks */,
				43EC18DA2856208A00FCAD43 /* libSystem.B.tbd in Frameworks */,
				43EC18DC285620AF00FCAD43 /* libc++abi.tbd in Frameworks */,
				4360D6E7283FE2BE00D3378F /* OrderedCollections in Frameworks */,
				43807DC727E214E50056A3D3 /* libc++.1.tbd in Frameworks */,
			);
			runOnlyForDeploymentPostprocessing = 0;
		};
		43807D0327E1FCEF0056A3D3 /* Frameworks */ = {
			isa = PBXFrameworksBuildPhase;
			buildActionMask = 2147483647;
			files = (
			);
			runOnlyForDeploymentPostprocessing = 0;
		};
/* End PBXFrameworksBuildPhase section */

/* Begin PBXGroup section */
		43008542283B59C200ED5961 /* Utils */ = {
			isa = PBXGroup;
			children = (
				43807D7727E213350056A3D3 /* TDLibKit+Protocols.swift */,
				43008543283B59D500ED5961 /* Image+File.swift */,
				4309BCF5283D6E6A00F43170 /* View+If.swift */,
				4312154E2858E4B6009EFEB5 /* Int+Digits.swift */,
				439A8D632859CC4B00DE69AF /* TabLabelStyle.swift */,
				43C0F499285A58BD009F2419 /* View+SidebarSize.swift */,
				43BFD91B285D148100D8980A /* NWPathMonitor+Combine.swift */,
				438B2282285E3098000D65C8 /* BackportedGradient.swift */,
				439BA4242863BBBC00339375 /* ChatListItemSelectedKey.swift */,
				432AF5612874AF3800272AEF /* MessageContent+Preview.swift */,
			);
			path = Utils;
			sourceTree = "<group>";
		};
		433EDD952860E9A5009D03D5 /* QuickLook */ = {
			isa = PBXGroup;
			children = (
				433EDD932860E7CB009D03D5 /* QuickLookPreviewWrapper.swift */,
				433EDD962860E9C0009D03D5 /* QuickLookView.swift */,
			);
			path = QuickLook;
			sourceTree = "<group>";
		};
		433EDD982860EB90009D03D5 /* AsyncTd */ = {
			isa = PBXGroup;
			children = (
				438B227C285DCA88000D65C8 /* AsyncTdImage.swift */,
				43A0AF802865173B00C0A8EF /* AsyncTdVideoPlayer.swift */,
				43A0AF862865197400C0A8EF /* AsyncTdFile.swift */,
				433EDD992860EBAA009D03D5 /* AsyncTdQuickLookView.swift */,
			);
			path = AsyncTd;
			sourceTree = "<group>";
		};
		4360D7032840296300D3378F /* Generated */ = {
			isa = PBXGroup;
			children = (
				43D389DE284A52A000214874 /* AutoEquatable.generated.swift */,
				433464E5284078E20010406F /* AutoHashable.generated.swift */,
			);
			path = Generated;
			sourceTree = "<group>";
		};
		4367071D2861A69200587A63 /* QuickLook */ = {
			isa = PBXGroup;
			children = (
				4367071E2861A6CD00587A63 /* QuickLookPreviewWrapper.swift */,
				436707202861A8A500587A63 /* QuickLookPreviewItem.swift */,
				436707222861A8CA00587A63 /* View+QuickLook.swift */,
			);
			path = QuickLook;
			sourceTree = "<group>";
		};
		43807CEC27E1FCEC0056A3D3 = {
			isa = PBXGroup;
			children = (
				43807CF727E1FCEC0056A3D3 /* Moc */,
				43EC18DD28566F1800FCAD43 /* macOS */,
				43EC18DE28566F1E00FCAD43 /* iOS */,
				43807D2327E2129C0056A3D3 /* Backend */,
				43016AA72842CDF800C219B4 /* Caching */,
				43F871B7283E21C700B6C717 /* Logs */,
				43CA7FC9283E3988006E7AC9 /* Utilities */,
				43807D0927E1FCEF0056A3D3 /* MocTests */,
				43807CF627E1FCEC0056A3D3 /* Products */,
				43807DBA27E214970056A3D3 /* Frameworks */,
			);
			sourceTree = "<group>";
		};
		43807CF627E1FCEC0056A3D3 /* Products */ = {
			isa = PBXGroup;
			children = (
				43807CF527E1FCEC0056A3D3 /* Moc.app */,
				43807D0627E1FCEF0056A3D3 /* MocTests.xctest */,
			);
			name = Products;
			sourceTree = "<group>";
		};
		43807CF727E1FCEC0056A3D3 /* Moc */ = {
			isa = PBXGroup;
			children = (
				43C0F49E285A6997009F2419 /* Settings */,
				43008542283B59C200ED5961 /* Utils */,
				43807D4A27E213350056A3D3 /* Models */,
				43807D7827E213350056A3D3 /* ViewModels */,
				43807D5527E213350056A3D3 /* Views */,
				43807D7427E213350056A3D3 /* SwiftGen */,
				4360D7032840296300D3378F /* Generated */,
				43807D5027E213350056A3D3 /* MocApp+Injection.swift */,
				43807D5127E213350056A3D3 /* Assets.xcassets */,
				43807D5227E213350056A3D3 /* Preview Assets.xcassets */,
				43807D5427E213350056A3D3 /* Info.plist */,
				43807D5327E213350056A3D3 /* Moc.entitlements */,
			);
			path = Moc;
			sourceTree = "<group>";
		};
		43807D0927E1FCEF0056A3D3 /* MocTests */ = {
			isa = PBXGroup;
			children = (
				43807D0A27E1FCEF0056A3D3 /* MocTests.swift */,
			);
			path = MocTests;
			sourceTree = "<group>";
		};
		43807D4A27E213350056A3D3 /* Models */ = {
			isa = PBXGroup;
			children = (
				438B2286285E55B3000D65C8 /* PlaceholderStyle.swift */,
				43807D4B27E213350056A3D3 /* MessageSender.swift */,
				43807D4D27E213350056A3D3 /* Message.swift */,
				43807D4F27E213350056A3D3 /* ChatType.swift */,
				43ABC05C28500648009F529E /* ChatFolder.swift */,
				4371AC162873126A0081776F /* ReplyMessage.swift */,
			);
			path = Models;
			sourceTree = "<group>";
		};
		43807D5527E213350056A3D3 /* Views */ = {
			isa = PBXGroup;
			children = (
				43807D5627E213350056A3D3 /* Settings */,
				43807D6C27E213350056A3D3 /* Commands */,
				433EDD982860EB90009D03D5 /* AsyncTd */,
				43807D6327E213350056A3D3 /* Chat */,
				439BA4262863C11400339375 /* Login */,
				438B2284285E558F000D65C8 /* ProfilePlaceholderView.swift */,
				43807D6A27E213350056A3D3 /* ChatItemView.swift */,
				43807D6E27E213350056A3D3 /* FolderItemView.swift */,
				43807D6F27E213350056A3D3 /* ViewRouter.swift */,
				434A607F2848AA000086B866 /* ChatPickerView.swift */,
				43807D7027E213350056A3D3 /* ContentView.swift */,
				43A0AF7E2864DFA500C0A8EF /* Shake.swift */,
			);
			path = Views;
			sourceTree = "<group>";
		};
		43807D5627E213350056A3D3 /* Settings */ = {
			isa = PBXGroup;
			children = (
				43807D6027E213350056A3D3 /* GeneralPrefView.swift */,
				43807D6127E213350056A3D3 /* NotificationsAndSoundsPrefView.swift */,
				43807D5927E213350056A3D3 /* PrivacyPrefView.swift */,
				43807D5A27E213350056A3D3 /* DataAndStoragePrefView.swift */,
				43807D5F27E213350056A3D3 /* DevicesPrefView.swift */,
				43807D5B27E213350056A3D3 /* AppearancePrefView.swift */,
				43807D5E27E213350056A3D3 /* LanguagePrefView.swift */,
				43807D5C27E213350056A3D3 /* StickersPrefView.swift */,
				43807D5D27E213350056A3D3 /* FoldersPrefView.swift */,
				43807D5827E213350056A3D3 /* AccountsPrefView.swift */,
			);
			path = Settings;
			sourceTree = "<group>";
		};
		43807D6327E213350056A3D3 /* Chat */ = {
			isa = PBXGroup;
			children = (
				43807D6527E213350056A3D3 /* Message */,
				43807D6427E213350056A3D3 /* ChatSplitView.swift */,
				43807D6827E213350056A3D3 /* ChatView.swift */,
			);
			path = Chat;
			sourceTree = "<group>";
		};
		43807D6527E213350056A3D3 /* Message */ = {
			isa = PBXGroup;
			children = (
				43807D6727E213350056A3D3 /* MessageView.swift */,
				4367072C28622CD700587A63 /* MessageView+Bubble.swift */,
				4367072E28622D0400587A63 /* MessageView+Message.swift */,
				436707282862295200587A63 /* MessageView+Utils.swift */,
				4367072A286229B000587A63 /* MessageView+Photo.swift */,
				43A0AF822865183300C0A8EF /* MessageView+Video.swift */,
				43A0AF84286518F900C0A8EF /* MessageView+Album.swift */,
				430D745D286D00F10031C2F9 /* MessageView+Document.swift */,
				439F35EE28736E9800EE1ED7 /* MessageView+Reply.swift */,
			);
			path = Message;
			sourceTree = "<group>";
		};
		43807D6C27E213350056A3D3 /* Commands */ = {
			isa = PBXGroup;
			children = (
				43807D6D27E213350056A3D3 /* AppCommands.swift */,
			);
			path = Commands;
			sourceTree = "<group>";
		};
		43807D7427E213350056A3D3 /* SwiftGen */ = {
			isa = PBXGroup;
			children = (
				43807D7527E213350056A3D3 /* XCAssets+Generated.swift */,
			);
			path = SwiftGen;
			sourceTree = "<group>";
		};
		43807D7827E213350056A3D3 /* ViewModels */ = {
			isa = PBXGroup;
			children = (
				43807D7927E213350056A3D3 /* Settings */,
				43807D7B27E213350056A3D3 /* ChatViewModel.swift */,
				43807D7C27E213350056A3D3 /* MainViewModel.swift */,
			);
			path = ViewModels;
			sourceTree = "<group>";
		};
		43807D7927E213350056A3D3 /* Settings */ = {
			isa = PBXGroup;
			children = (
				43807D7A27E213350056A3D3 /* AccountsPrefViewModel.swift */,
				433464E9284179090010406F /* FoldersPrefViewModel.swift */,
			);
			path = Settings;
			sourceTree = "<group>";
		};
		43807DBA27E214970056A3D3 /* Frameworks */ = {
			isa = PBXGroup;
			children = (
				43EC18DB285620A800FCAD43 /* libc++abi.tbd */,
				43EC18D92856207C00FCAD43 /* libSystem.B.tbd */,
				43807DC627E214DD0056A3D3 /* libz.1.tbd */,
				43807DC527E214D30056A3D3 /* libc++.1.tbd */,
			);
			name = Frameworks;
			sourceTree = "<group>";
		};
		4396B152285A01F4004109AE /* Views */ = {
			isa = PBXGroup;
			children = (
				433EDD952860E9A5009D03D5 /* QuickLook */,
				43807D6227E213350056A3D3 /* SettingsContent.swift */,
				43807D6B27E213350056A3D3 /* LottieView.swift */,
				43807D7227E213350056A3D3 /* SearchField.swift */,
				43A0AF7A2864A33800C0A8EF /* SplitViewAccessor.swift */,
				434A07162869003200A2BBA5 /* AVPlayerViewWrapper.swift */,
			);
			path = Views;
			sourceTree = "<group>";
		};
		4396B153285A0208004109AE /* Views */ = {
			isa = PBXGroup;
			children = (
				4367071D2861A69200587A63 /* QuickLook */,
				4396B1502859E904004109AE /* SettingsContent.swift */,
				43EC18E12856782F00FCAD43 /* SearchField.swift */,
				437329152869F9A1003C08D8 /* AVPlayerViewWrapper.swift */,
			);
			path = Views;
			sourceTree = "<group>";
		};
		439BA4262863C11400339375 /* Login */ = {
			isa = PBXGroup;
			children = (
				43807D6927E213350056A3D3 /* LoginView.swift */,
				439BA4272863C3CC00339375 /* LoginView+Welcome.swift */,
				439BA4292863C43000339375 /* LoginView+PhoneNumber.swift */,
				439BA42B2863C4B200339375 /* LoginView+Code.swift */,
				439BA42D2863C4DF00339375 /* LoginView+QRCode.swift */,
				439BA42F2863C57000339375 /* LoginView+Registration.swift */,
				439BA4312863C5BA00339375 /* LoginView+2FACode.swift */,
			);
			path = Login;
			sourceTree = "<group>";
		};
		43C0F49E285A6997009F2419 /* Settings */ = {
			isa = PBXGroup;
			children = (
				43C0F49F285A69AA009F2419 /* FolderLayout.swift */,
				4305C475285B1C3200F6E7FF /* DefaultKeys.swift */,
			);
			path = Settings;
			sourceTree = "<group>";
		};
		43EC18DD28566F1800FCAD43 /* macOS */ = {
			isa = PBXGroup;
			children = (
				4396B152285A01F4004109AE /* Views */,
				4312154C2858C326009EFEB5 /* GenerateQRCode.swift */,
				43BFD916285CC30B00D8980A /* MultilineTextField.swift */,
				438B2280285E3077000D65C8 /* LighterDarker.swift */,
			);
			path = macOS;
			sourceTree = "<group>";
		};
		43EC18DE28566F1E00FCAD43 /* iOS */ = {
			isa = PBXGroup;
			children = (
				4396B153285A0208004109AE /* Views */,
				4312154A2858C2CF009EFEB5 /* GenerateQRCode.swift */,
				43BFD914285CC2B000D8980A /* MultilineTextField.swift */,
				438B227E285E3050000D65C8 /* LighterDarker.swift */,
			);
			path = iOS;
			sourceTree = "<group>";
		};
/* End PBXGroup section */

/* Begin PBXNativeTarget section */
		43807CF427E1FCEC0056A3D3 /* Moc */ = {
			isa = PBXNativeTarget;
			buildConfigurationList = 43807D1A27E1FCEF0056A3D3 /* Build configuration list for PBXNativeTarget "Moc" */;
			buildPhases = (
				43807CF127E1FCEC0056A3D3 /* Sources */,
				43807DB927E214710056A3D3 /* Run SwiftLint */,
				43807CF227E1FCEC0056A3D3 /* Frameworks */,
				43807CF327E1FCEC0056A3D3 /* Resources */,
			);
			buildRules = (
			);
			dependencies = (
			);
			name = Moc;
			packageProductDependencies = (
				43807DA427E2137A0056A3D3 /* Resolver */,
				43807DA727E2138A0056A3D3 /* Lottie */,
				43807DAA27E2139B0056A3D3 /* AlertToast */,
				43807DB027E213C50056A3D3 /* TDLibKit */,
				43807DB727E214440056A3D3 /* Introspect */,
				43807DBB27E214970056A3D3 /* Backend */,
				434203B7283CB01D003E344C /* Algorithms */,
				4360D6E2283FE2BE00D3378F /* Collections */,
				4360D6E4283FE2BE00D3378F /* DequeModule */,
				4360D6E6283FE2BE00D3378F /* OrderedCollections */,
				43016AA82842DE3000C219B4 /* Caching */,
				431215512858E50B009EFEB5 /* ComplexModule */,
				431215532858E50B009EFEB5 /* Numerics */,
				431215552858E50B009EFEB5 /* RealModule */,
				43C0F49C285A68ED009F2419 /* Defaults */,
				43A9637A2868C8AD0076F5FD /* SkeletonUI */,
			);
			productName = Moc;
			productReference = 43807CF527E1FCEC0056A3D3 /* Moc.app */;
			productType = "com.apple.product-type.application";
		};
		43807D0527E1FCEF0056A3D3 /* MocTests */ = {
			isa = PBXNativeTarget;
			buildConfigurationList = 43807D1D27E1FCEF0056A3D3 /* Build configuration list for PBXNativeTarget "MocTests" */;
			buildPhases = (
				43807D0227E1FCEF0056A3D3 /* Sources */,
				43807D0327E1FCEF0056A3D3 /* Frameworks */,
				43807D0427E1FCEF0056A3D3 /* Resources */,
			);
			buildRules = (
			);
			dependencies = (
				43807D0827E1FCEF0056A3D3 /* PBXTargetDependency */,
			);
			name = MocTests;
			productName = MocTests;
			productReference = 43807D0627E1FCEF0056A3D3 /* MocTests.xctest */;
			productType = "com.apple.product-type.bundle.unit-test";
		};
/* End PBXNativeTarget section */

/* Begin PBXProject section */
		43807CED27E1FCEC0056A3D3 /* Project object */ = {
			isa = PBXProject;
			attributes = {
				BuildIndependentTargetsInParallel = 1;
				LastSwiftUpdateCheck = 1330;
				LastUpgradeCheck = 1400;
				TargetAttributes = {
					43807CF427E1FCEC0056A3D3 = {
						CreatedOnToolsVersion = 13.3;
						LastSwiftMigration = 1330;
					};
					43807D0527E1FCEF0056A3D3 = {
						CreatedOnToolsVersion = 13.3;
						TestTargetID = 43807CF427E1FCEC0056A3D3;
					};
				};
			};
			buildConfigurationList = 43807CF027E1FCEC0056A3D3 /* Build configuration list for PBXProject "Moc" */;
			compatibilityVersion = "Xcode 14.0";
			developmentRegion = en;
			hasScannedForEncodings = 0;
			knownRegions = (
				en,
				Base,
			);
			mainGroup = 43807CEC27E1FCEC0056A3D3;
			packageReferences = (
				43807DA327E2137A0056A3D3 /* XCRemoteSwiftPackageReference "Resolver" */,
				43807DA627E213890056A3D3 /* XCRemoteSwiftPackageReference "lottie-ios" */,
				43807DA927E2139B0056A3D3 /* XCRemoteSwiftPackageReference "AlertToast" */,
				43807DAF27E213C50056A3D3 /* XCRemoteSwiftPackageReference "TDLibKit" */,
				43807DB627E214440056A3D3 /* XCRemoteSwiftPackageReference "SwiftUI-Introspect" */,
				434203B6283CB01C003E344C /* XCRemoteSwiftPackageReference "swift-algorithms" */,
				4360D6E1283FE2BD00D3378F /* XCRemoteSwiftPackageReference "swift-collections" */,
				431215502858E50B009EFEB5 /* XCRemoteSwiftPackageReference "swift-numerics" */,
				43C0F49B285A68ED009F2419 /* XCRemoteSwiftPackageReference "Defaults" */,
				43A963792868C8AD0076F5FD /* XCRemoteSwiftPackageReference "SkeletonUI" */,
			);
			productRefGroup = 43807CF627E1FCEC0056A3D3 /* Products */;
			projectDirPath = "";
			projectRoot = "";
			targets = (
				43807CF427E1FCEC0056A3D3 /* Moc */,
				43807D0527E1FCEF0056A3D3 /* MocTests */,
			);
		};
/* End PBXProject section */

/* Begin PBXResourcesBuildPhase section */
		43807CF327E1FCEC0056A3D3 /* Resources */ = {
			isa = PBXResourcesBuildPhase;
			buildActionMask = 2147483647;
			files = (
				43807D8527E213350056A3D3 /* Preview Assets.xcassets in Resources */,
				43807D8427E213350056A3D3 /* Assets.xcassets in Resources */,
			);
			runOnlyForDeploymentPostprocessing = 0;
		};
		43807D0427E1FCEF0056A3D3 /* Resources */ = {
			isa = PBXResourcesBuildPhase;
			buildActionMask = 2147483647;
			files = (
			);
			runOnlyForDeploymentPostprocessing = 0;
		};
/* End PBXResourcesBuildPhase section */

/* Begin PBXShellScriptBuildPhase section */
		43807DB927E214710056A3D3 /* Run SwiftLint */ = {
			isa = PBXShellScriptBuildPhase;
			alwaysOutOfDate = 1;
			buildActionMask = 2147483647;
			files = (
			);
			inputFileListPaths = (
			);
			inputPaths = (
			);
			name = "Run SwiftLint";
			outputFileListPaths = (
			);
			outputPaths = (
			);
			runOnlyForDeploymentPostprocessing = 0;
			shellPath = /bin/sh;
			shellScript = "swiftlint\n";
			showEnvVarsInLog = 0;
		};
/* End PBXShellScriptBuildPhase section */

/* Begin PBXSourcesBuildPhase section */
		43807CF127E1FCEC0056A3D3 /* Sources */ = {
			isa = PBXSourcesBuildPhase;
			buildActionMask = 2147483647;
			files = (
				4312154B2858C2CF009EFEB5 /* GenerateQRCode.swift in Sources */,
				43A0AF812865173B00C0A8EF /* AsyncTdVideoPlayer.swift in Sources */,
				43807DA227E213350056A3D3 /* MainViewModel.swift in Sources */,
				43807D7E27E213350056A3D3 /* MessageSender.swift in Sources */,
				4367072D28622CD700587A63 /* MessageView+Bubble.swift in Sources */,
				43807D8B27E213350056A3D3 /* StickersPrefView.swift in Sources */,
				438B2285285E558F000D65C8 /* ProfilePlaceholderView.swift in Sources */,
				436707212861A8A500587A63 /* QuickLookPreviewItem.swift in Sources */,
				43807D9827E213350056A3D3 /* LottieView.swift in Sources */,
				43807D8727E213350056A3D3 /* AccountsPrefView.swift in Sources */,
				43807D9E27E213350056A3D3 /* XCAssets+Generated.swift in Sources */,
				43807D8827E213350056A3D3 /* PrivacyPrefView.swift in Sources */,
				437329162869F9A1003C08D8 /* AVPlayerViewWrapper.swift in Sources */,
				439F35EF28736E9800EE1ED7 /* MessageView+Reply.swift in Sources */,
				4371AC172873126A0081776F /* ReplyMessage.swift in Sources */,
				43807DA127E213350056A3D3 /* ChatViewModel.swift in Sources */,
				43A0AF85286518F900C0A8EF /* MessageView+Album.swift in Sources */,
				439BA4252863BBBC00339375 /* ChatListItemSelectedKey.swift in Sources */,
				43BFD917285CC30B00D8980A /* MultilineTextField.swift in Sources */,
				43A0AF832865183300C0A8EF /* MessageView+Video.swift in Sources */,
				4396B1512859E904004109AE /* SettingsContent.swift in Sources */,
				4367071F2861A6CD00587A63 /* QuickLookPreviewWrapper.swift in Sources */,
				43C0F4A0285A69AA009F2419 /* FolderLayout.swift in Sources */,
				434A60802848AA000086B866 /* ChatPickerView.swift in Sources */,
				43A0AF872865197400C0A8EF /* AsyncTdFile.swift in Sources */,
				436707232861A8CA00587A63 /* View+QuickLook.swift in Sources */,
				43807D9927E213350056A3D3 /* AppCommands.swift in Sources */,
				43807D9D27E213350056A3D3 /* SearchField.swift in Sources */,
				43BFD91C285D148100D8980A /* NWPathMonitor+Combine.swift in Sources */,
				432AF5622874AF3800272AEF /* MessageContent+Preview.swift in Sources */,
				43807D9627E213350056A3D3 /* LoginView.swift in Sources */,
				43D389DF284A52A100214874 /* AutoEquatable.generated.swift in Sources */,
				43807D9527E213350056A3D3 /* ChatView.swift in Sources */,
				43807D8327E213350056A3D3 /* MocApp+Injection.swift in Sources */,
				43807D8C27E213350056A3D3 /* FoldersPrefView.swift in Sources */,
				43807D9127E213350056A3D3 /* SettingsContent.swift in Sources */,
				43807D9027E213350056A3D3 /* NotificationsAndSoundsPrefView.swift in Sources */,
				438B2281285E3077000D65C8 /* LighterDarker.swift in Sources */,
				43008544283B59D500ED5961 /* Image+File.swift in Sources */,
				43807D8F27E213350056A3D3 /* GeneralPrefView.swift in Sources */,
				43807D9227E213350056A3D3 /* ChatSplitView.swift in Sources */,
				43807D9B27E213350056A3D3 /* ViewRouter.swift in Sources */,
				430D745E286D00F10031C2F9 /* MessageView+Document.swift in Sources */,
				436707292862295200587A63 /* MessageView+Utils.swift in Sources */,
				43807D8027E213350056A3D3 /* Message.swift in Sources */,
				438B227F285E3050000D65C8 /* LighterDarker.swift in Sources */,
				433464E6284078E20010406F /* AutoHashable.generated.swift in Sources */,
				439A8D642859CC4B00DE69AF /* TabLabelStyle.swift in Sources */,
				43807D9A27E213350056A3D3 /* FolderItemView.swift in Sources */,
				43C0F49A285A58BD009F2419 /* View+SidebarSize.swift in Sources */,
				43807D9427E213350056A3D3 /* MessageView.swift in Sources */,
				43807D8E27E213350056A3D3 /* DevicesPrefView.swift in Sources */,
				439BA4282863C3CC00339375 /* LoginView+Welcome.swift in Sources */,
				438B227D285DCA88000D65C8 /* AsyncTdImage.swift in Sources */,
				4367072F28622D0400587A63 /* MessageView+Message.swift in Sources */,
				43BFD915285CC2B000D8980A /* MultilineTextField.swift in Sources */,
				43807D8A27E213350056A3D3 /* AppearancePrefView.swift in Sources */,
				433EDD972860E9C0009D03D5 /* QuickLookView.swift in Sources */,
				43807D8927E213350056A3D3 /* DataAndStoragePrefView.swift in Sources */,
				4305C476285B1C3200F6E7FF /* DefaultKeys.swift in Sources */,
				438B2287285E55B3000D65C8 /* PlaceholderStyle.swift in Sources */,
				4309BCF6283D6E6A00F43170 /* View+If.swift in Sources */,
				43807DA027E213350056A3D3 /* AccountsPrefViewModel.swift in Sources */,
				4312154F2858E4B6009EFEB5 /* Int+Digits.swift in Sources */,
				43EC18E22856782F00FCAD43 /* SearchField.swift in Sources */,
				433EDD9A2860EBAA009D03D5 /* AsyncTdQuickLookView.swift in Sources */,
				4312154D2858C326009EFEB5 /* GenerateQRCode.swift in Sources */,
				434A07172869003200A2BBA5 /* AVPlayerViewWrapper.swift in Sources */,
				433EDD942860E7CB009D03D5 /* QuickLookPreviewWrapper.swift in Sources */,
				43807D8227E213350056A3D3 /* ChatType.swift in Sources */,
				43807D9C27E213350056A3D3 /* ContentView.swift in Sources */,
				438B2283285E3098000D65C8 /* BackportedGradient.swift in Sources */,
				43A0AF7F2864DFA500C0A8EF /* Shake.swift in Sources */,
				439BA4302863C57000339375 /* LoginView+Registration.swift in Sources */,
				439BA42E2863C4DF00339375 /* LoginView+QRCode.swift in Sources */,
				43ABC05D28500648009F529E /* ChatFolder.swift in Sources */,
				43807D9F27E213350056A3D3 /* TDLibKit+Protocols.swift in Sources */,
				439BA4322863C5BA00339375 /* LoginView+2FACode.swift in Sources */,
				433464EA284179090010406F /* FoldersPrefViewModel.swift in Sources */,
				43807D8D27E213350056A3D3 /* LanguagePrefView.swift in Sources */,
				43807D9727E213350056A3D3 /* ChatItemView.swift in Sources */,
				439BA42A2863C43000339375 /* LoginView+PhoneNumber.swift in Sources */,
				43A0AF7B2864A33800C0A8EF /* SplitViewAccessor.swift in Sources */,
				4367072B286229B000587A63 /* MessageView+Photo.swift in Sources */,
				439BA42C2863C4B200339375 /* LoginView+Code.swift in Sources */,
			);
			runOnlyForDeploymentPostprocessing = 0;
		};
		43807D0227E1FCEF0056A3D3 /* Sources */ = {
			isa = PBXSourcesBuildPhase;
			buildActionMask = 2147483647;
			files = (
				43807D0B27E1FCEF0056A3D3 /* MocTests.swift in Sources */,
			);
			runOnlyForDeploymentPostprocessing = 0;
		};
/* End PBXSourcesBuildPhase section */

/* Begin PBXTargetDependency section */
		43807D0827E1FCEF0056A3D3 /* PBXTargetDependency */ = {
			isa = PBXTargetDependency;
			target = 43807CF427E1FCEC0056A3D3 /* Moc */;
			targetProxy = 43807D0727E1FCEF0056A3D3 /* PBXContainerItemProxy */;
		};
/* End PBXTargetDependency section */

/* Begin XCBuildConfiguration section */
		43807D1827E1FCEF0056A3D3 /* Debug */ = {
			isa = XCBuildConfiguration;
			buildSettings = {
				ALWAYS_SEARCH_USER_PATHS = NO;
				CLANG_ANALYZER_NONNULL = YES;
				CLANG_ANALYZER_NUMBER_OBJECT_CONVERSION = YES_AGGRESSIVE;
				CLANG_CXX_LANGUAGE_STANDARD = "gnu++17";
				CLANG_ENABLE_MODULES = YES;
				CLANG_ENABLE_OBJC_ARC = YES;
				CLANG_ENABLE_OBJC_WEAK = YES;
				CLANG_WARN_BLOCK_CAPTURE_AUTORELEASING = YES;
				CLANG_WARN_BOOL_CONVERSION = YES;
				CLANG_WARN_COMMA = YES;
				CLANG_WARN_CONSTANT_CONVERSION = YES;
				CLANG_WARN_DEPRECATED_OBJC_IMPLEMENTATIONS = YES;
				CLANG_WARN_DIRECT_OBJC_ISA_USAGE = YES_ERROR;
				CLANG_WARN_DOCUMENTATION_COMMENTS = YES;
				CLANG_WARN_EMPTY_BODY = YES;
				CLANG_WARN_ENUM_CONVERSION = YES;
				CLANG_WARN_INFINITE_RECURSION = YES;
				CLANG_WARN_INT_CONVERSION = YES;
				CLANG_WARN_NON_LITERAL_NULL_CONVERSION = YES;
				CLANG_WARN_OBJC_IMPLICIT_RETAIN_SELF = YES;
				CLANG_WARN_OBJC_LITERAL_CONVERSION = YES;
				CLANG_WARN_OBJC_ROOT_CLASS = YES_ERROR;
				CLANG_WARN_QUOTED_INCLUDE_IN_FRAMEWORK_HEADER = YES;
				CLANG_WARN_RANGE_LOOP_ANALYSIS = YES;
				CLANG_WARN_STRICT_PROTOTYPES = YES;
				CLANG_WARN_SUSPICIOUS_MOVE = YES;
				CLANG_WARN_UNGUARDED_AVAILABILITY = YES_AGGRESSIVE;
				CLANG_WARN_UNREACHABLE_CODE = YES;
				CLANG_WARN__DUPLICATE_METHOD_MATCH = YES;
				COPY_PHASE_STRIP = NO;
				DEAD_CODE_STRIPPING = YES;
				DEBUG_INFORMATION_FORMAT = dwarf;
				ENABLE_STRICT_OBJC_MSGSEND = YES;
				ENABLE_TESTABILITY = YES;
				GCC_C_LANGUAGE_STANDARD = gnu11;
				GCC_DYNAMIC_NO_PIC = NO;
				GCC_NO_COMMON_BLOCKS = YES;
				GCC_OPTIMIZATION_LEVEL = 0;
				GCC_PREPROCESSOR_DEFINITIONS = (
					"DEBUG=1",
					"$(inherited)",
				);
				GCC_WARN_64_TO_32_BIT_CONVERSION = YES;
				GCC_WARN_ABOUT_RETURN_TYPE = YES_ERROR;
				GCC_WARN_UNDECLARED_SELECTOR = YES;
				GCC_WARN_UNINITIALIZED_AUTOS = YES_AGGRESSIVE;
				GCC_WARN_UNUSED_FUNCTION = YES;
				GCC_WARN_UNUSED_VARIABLE = YES;
				IPHONEOS_DEPLOYMENT_TARGET = 15.2;
				MACOSX_DEPLOYMENT_TARGET = 12.0;
				MTL_ENABLE_DEBUG_INFO = INCLUDE_SOURCE;
				MTL_FAST_MATH = YES;
				ONLY_ACTIVE_ARCH = YES;
				SDKROOT = macosx;
				SWIFT_ACTIVE_COMPILATION_CONDITIONS = DEBUG;
				SWIFT_OPTIMIZATION_LEVEL = "-Onone";
			};
			name = Debug;
		};
		43807D1927E1FCEF0056A3D3 /* Release */ = {
			isa = XCBuildConfiguration;
			buildSettings = {
				ALWAYS_SEARCH_USER_PATHS = NO;
				CLANG_ANALYZER_NONNULL = YES;
				CLANG_ANALYZER_NUMBER_OBJECT_CONVERSION = YES_AGGRESSIVE;
				CLANG_CXX_LANGUAGE_STANDARD = "gnu++17";
				CLANG_ENABLE_MODULES = YES;
				CLANG_ENABLE_OBJC_ARC = YES;
				CLANG_ENABLE_OBJC_WEAK = YES;
				CLANG_WARN_BLOCK_CAPTURE_AUTORELEASING = YES;
				CLANG_WARN_BOOL_CONVERSION = YES;
				CLANG_WARN_COMMA = YES;
				CLANG_WARN_CONSTANT_CONVERSION = YES;
				CLANG_WARN_DEPRECATED_OBJC_IMPLEMENTATIONS = YES;
				CLANG_WARN_DIRECT_OBJC_ISA_USAGE = YES_ERROR;
				CLANG_WARN_DOCUMENTATION_COMMENTS = YES;
				CLANG_WARN_EMPTY_BODY = YES;
				CLANG_WARN_ENUM_CONVERSION = YES;
				CLANG_WARN_INFINITE_RECURSION = YES;
				CLANG_WARN_INT_CONVERSION = YES;
				CLANG_WARN_NON_LITERAL_NULL_CONVERSION = YES;
				CLANG_WARN_OBJC_IMPLICIT_RETAIN_SELF = YES;
				CLANG_WARN_OBJC_LITERAL_CONVERSION = YES;
				CLANG_WARN_OBJC_ROOT_CLASS = YES_ERROR;
				CLANG_WARN_QUOTED_INCLUDE_IN_FRAMEWORK_HEADER = YES;
				CLANG_WARN_RANGE_LOOP_ANALYSIS = YES;
				CLANG_WARN_STRICT_PROTOTYPES = YES;
				CLANG_WARN_SUSPICIOUS_MOVE = YES;
				CLANG_WARN_UNGUARDED_AVAILABILITY = YES_AGGRESSIVE;
				CLANG_WARN_UNREACHABLE_CODE = YES;
				CLANG_WARN__DUPLICATE_METHOD_MATCH = YES;
				COPY_PHASE_STRIP = NO;
				DEAD_CODE_STRIPPING = YES;
				DEBUG_INFORMATION_FORMAT = "dwarf-with-dsym";
				ENABLE_NS_ASSERTIONS = NO;
				ENABLE_STRICT_OBJC_MSGSEND = YES;
				GCC_C_LANGUAGE_STANDARD = gnu11;
				GCC_NO_COMMON_BLOCKS = YES;
				GCC_WARN_64_TO_32_BIT_CONVERSION = YES;
				GCC_WARN_ABOUT_RETURN_TYPE = YES_ERROR;
				GCC_WARN_UNDECLARED_SELECTOR = YES;
				GCC_WARN_UNINITIALIZED_AUTOS = YES_AGGRESSIVE;
				GCC_WARN_UNUSED_FUNCTION = YES;
				GCC_WARN_UNUSED_VARIABLE = YES;
				IPHONEOS_DEPLOYMENT_TARGET = 15.2;
				MACOSX_DEPLOYMENT_TARGET = 12.0;
				MTL_ENABLE_DEBUG_INFO = NO;
				MTL_FAST_MATH = YES;
				SDKROOT = macosx;
				SWIFT_COMPILATION_MODE = wholemodule;
				SWIFT_OPTIMIZATION_LEVEL = "-O";
			};
			name = Release;
		};
		43807D1B27E1FCEF0056A3D3 /* Debug */ = {
			isa = XCBuildConfiguration;
			buildSettings = {
				ASSETCATALOG_COMPILER_APPICON_NAME = AppIcon;
				ASSETCATALOG_COMPILER_GLOBAL_ACCENT_COLOR_NAME = AccentColor;
				ASSETCATALOG_COMPILER_INCLUDE_ALL_APPICON_ASSETS = YES;
				CLANG_ENABLE_MODULES = YES;
				CODE_SIGN_ENTITLEMENTS = Moc/Moc.entitlements;
				CODE_SIGN_IDENTITY = "Apple Development";
				"CODE_SIGN_IDENTITY[sdk=macosx*]" = "Apple Development";
				CODE_SIGN_STYLE = Automatic;
				COMBINE_HIDPI_IMAGES = YES;
				CURRENT_PROJECT_VERSION = 9;
				DEAD_CODE_STRIPPING = YES;
				DEVELOPMENT_ASSET_PATHS = "Moc/Preview\\ Assets.xcassets";
				DEVELOPMENT_TEAM = 9H3XZRTVLY;
				ENABLE_HARDENED_RUNTIME = YES;
				ENABLE_PREVIEWS = YES;
				GENERATE_INFOPLIST_FILE = YES;
				INFOPLIST_FILE = Moc/Info.plist;
				INFOPLIST_KEY_LSApplicationCategoryType = "public.app-category.social-networking";
				INFOPLIST_KEY_NSHumanReadableCopyright = "";
				INFOPLIST_KEY_UIStatusBarHidden = YES;
				INFOPLIST_KEY_UISupportedInterfaceOrientations_iPad = "UIInterfaceOrientationLandscapeLeft UIInterfaceOrientationLandscapeRight UIInterfaceOrientationPortrait UIInterfaceOrientationPortraitUpsideDown";
				IPHONEOS_DEPLOYMENT_TARGET = 15.2;
				LD_RUNPATH_SEARCH_PATHS = (
					"$(inherited)",
					"@executable_path/../Frameworks",
				);
				MARKETING_VERSION = 0.2.0;
				PRODUCT_BUNDLE_IDENTIFIER = dev.ggoraa.moc;
				PRODUCT_NAME = "$(TARGET_NAME)";
				SUPPORTED_PLATFORMS = "iphoneos iphonesimulator macosx";
				SUPPORTS_MACCATALYST = NO;
				SUPPORTS_MAC_DESIGNED_FOR_IPHONE_IPAD = NO;
				SWIFT_EMIT_LOC_STRINGS = YES;
				SWIFT_OPTIMIZATION_LEVEL = "-Onone";
				SWIFT_VERSION = 5.0;
				TARGETED_DEVICE_FAMILY = 2;
			};
			name = Debug;
		};
		43807D1C27E1FCEF0056A3D3 /* Release */ = {
			isa = XCBuildConfiguration;
			buildSettings = {
				ASSETCATALOG_COMPILER_APPICON_NAME = AppIcon;
				ASSETCATALOG_COMPILER_GLOBAL_ACCENT_COLOR_NAME = AccentColor;
				ASSETCATALOG_COMPILER_INCLUDE_ALL_APPICON_ASSETS = YES;
				CLANG_ENABLE_MODULES = YES;
				CODE_SIGN_ENTITLEMENTS = Moc/Moc.entitlements;
				CODE_SIGN_IDENTITY = "Apple Development";
				"CODE_SIGN_IDENTITY[sdk=macosx*]" = "Apple Development";
				CODE_SIGN_STYLE = Automatic;
				COMBINE_HIDPI_IMAGES = YES;
				CURRENT_PROJECT_VERSION = 9;
				DEAD_CODE_STRIPPING = YES;
				DEVELOPMENT_ASSET_PATHS = "Moc/Preview\\ Assets.xcassets";
				DEVELOPMENT_TEAM = 9H3XZRTVLY;
				ENABLE_HARDENED_RUNTIME = YES;
				ENABLE_PREVIEWS = YES;
				GENERATE_INFOPLIST_FILE = YES;
				INFOPLIST_FILE = Moc/Info.plist;
				INFOPLIST_KEY_LSApplicationCategoryType = "public.app-category.social-networking";
				INFOPLIST_KEY_NSHumanReadableCopyright = "";
				INFOPLIST_KEY_UIStatusBarHidden = YES;
				INFOPLIST_KEY_UISupportedInterfaceOrientations_iPad = "UIInterfaceOrientationLandscapeLeft UIInterfaceOrientationLandscapeRight UIInterfaceOrientationPortrait UIInterfaceOrientationPortraitUpsideDown";
				IPHONEOS_DEPLOYMENT_TARGET = 15.2;
				LD_RUNPATH_SEARCH_PATHS = (
					"$(inherited)",
					"@executable_path/../Frameworks",
				);
				MARKETING_VERSION = 0.2.0;
				PRODUCT_BUNDLE_IDENTIFIER = dev.ggoraa.moc;
				PRODUCT_NAME = "$(TARGET_NAME)";
				SUPPORTED_PLATFORMS = "iphoneos iphonesimulator macosx";
				SUPPORTS_MACCATALYST = NO;
				SUPPORTS_MAC_DESIGNED_FOR_IPHONE_IPAD = NO;
				SWIFT_EMIT_LOC_STRINGS = YES;
				SWIFT_VERSION = 5.0;
				TARGETED_DEVICE_FAMILY = 2;
			};
			name = Release;
		};
		43807D1E27E1FCEF0056A3D3 /* Debug */ = {
			isa = XCBuildConfiguration;
			buildSettings = {
				ALWAYS_EMBED_SWIFT_STANDARD_LIBRARIES = YES;
				BUNDLE_LOADER = "$(TEST_HOST)";
				CODE_SIGN_STYLE = Automatic;
				CURRENT_PROJECT_VERSION = 24;
				DEAD_CODE_STRIPPING = YES;
				DEVELOPMENT_TEAM = 9H3XZRTVLY;
				GENERATE_INFOPLIST_FILE = YES;
				MACOSX_DEPLOYMENT_TARGET = 12.3;
				MARKETING_VERSION = 1.0;
				PRODUCT_BUNDLE_IDENTIFIER = dev.ggoraa.moc.MocTests;
				PRODUCT_NAME = "$(TARGET_NAME)";
				SWIFT_EMIT_LOC_STRINGS = NO;
				SWIFT_VERSION = 5.0;
				TEST_HOST = "$(BUILT_PRODUCTS_DIR)/Moc.app/Contents/MacOS/Moc";
			};
			name = Debug;
		};
		43807D1F27E1FCEF0056A3D3 /* Release */ = {
			isa = XCBuildConfiguration;
			buildSettings = {
				ALWAYS_EMBED_SWIFT_STANDARD_LIBRARIES = YES;
				BUNDLE_LOADER = "$(TEST_HOST)";
				CODE_SIGN_STYLE = Automatic;
				CURRENT_PROJECT_VERSION = 24;
				DEAD_CODE_STRIPPING = YES;
				DEVELOPMENT_TEAM = 9H3XZRTVLY;
				GENERATE_INFOPLIST_FILE = YES;
				MACOSX_DEPLOYMENT_TARGET = 12.3;
				MARKETING_VERSION = 1.0;
				PRODUCT_BUNDLE_IDENTIFIER = dev.ggoraa.moc.MocTests;
				PRODUCT_NAME = "$(TARGET_NAME)";
				SWIFT_EMIT_LOC_STRINGS = NO;
				SWIFT_VERSION = 5.0;
				TEST_HOST = "$(BUILT_PRODUCTS_DIR)/Moc.app/Contents/MacOS/Moc";
			};
			name = Release;
		};
/* End XCBuildConfiguration section */

/* Begin XCConfigurationList section */
		43807CF027E1FCEC0056A3D3 /* Build configuration list for PBXProject "Moc" */ = {
			isa = XCConfigurationList;
			buildConfigurations = (
				43807D1827E1FCEF0056A3D3 /* Debug */,
				43807D1927E1FCEF0056A3D3 /* Release */,
			);
			defaultConfigurationIsVisible = 0;
			defaultConfigurationName = Debug;
		};
		43807D1A27E1FCEF0056A3D3 /* Build configuration list for PBXNativeTarget "Moc" */ = {
			isa = XCConfigurationList;
			buildConfigurations = (
				43807D1B27E1FCEF0056A3D3 /* Debug */,
				43807D1C27E1FCEF0056A3D3 /* Release */,
			);
			defaultConfigurationIsVisible = 0;
			defaultConfigurationName = Debug;
		};
		43807D1D27E1FCEF0056A3D3 /* Build configuration list for PBXNativeTarget "MocTests" */ = {
			isa = XCConfigurationList;
			buildConfigurations = (
				43807D1E27E1FCEF0056A3D3 /* Debug */,
				43807D1F27E1FCEF0056A3D3 /* Release */,
			);
			defaultConfigurationIsVisible = 0;
			defaultConfigurationName = Debug;
		};
/* End XCConfigurationList section */

/* Begin XCRemoteSwiftPackageReference section */
		431215502858E50B009EFEB5 /* XCRemoteSwiftPackageReference "swift-numerics" */ = {
			isa = XCRemoteSwiftPackageReference;
			repositoryURL = "https://github.com/apple/swift-numerics.git";
			requirement = {
				kind = upToNextMajorVersion;
				minimumVersion = 1.0.0;
			};
		};
		434203B6283CB01C003E344C /* XCRemoteSwiftPackageReference "swift-algorithms" */ = {
			isa = XCRemoteSwiftPackageReference;
			repositoryURL = "https://github.com/apple/swift-algorithms.git";
			requirement = {
				kind = upToNextMajorVersion;
				minimumVersion = 1.0.0;
			};
		};
		4360D6E1283FE2BD00D3378F /* XCRemoteSwiftPackageReference "swift-collections" */ = {
			isa = XCRemoteSwiftPackageReference;
			repositoryURL = "https://github.com/apple/swift-collections.git";
			requirement = {
				kind = upToNextMajorVersion;
				minimumVersion = 1.0.0;
			};
		};
		43807DA327E2137A0056A3D3 /* XCRemoteSwiftPackageReference "Resolver" */ = {
			isa = XCRemoteSwiftPackageReference;
			repositoryURL = "https://github.com/hmlongco/Resolver.git";
			requirement = {
				kind = upToNextMajorVersion;
				minimumVersion = 1.0.0;
			};
		};
		43807DA627E213890056A3D3 /* XCRemoteSwiftPackageReference "lottie-ios" */ = {
			isa = XCRemoteSwiftPackageReference;
			repositoryURL = "https://github.com/airbnb/lottie-ios.git";
			requirement = {
				kind = upToNextMajorVersion;
				minimumVersion = 3.0.0;
			};
		};
		43807DA927E2139B0056A3D3 /* XCRemoteSwiftPackageReference "AlertToast" */ = {
			isa = XCRemoteSwiftPackageReference;
			repositoryURL = "https://github.com/elai950/AlertToast.git";
			requirement = {
				kind = upToNextMajorVersion;
				minimumVersion = 1.0.0;
			};
		};
		43807DAF27E213C50056A3D3 /* XCRemoteSwiftPackageReference "TDLibKit" */ = {
			isa = XCRemoteSwiftPackageReference;
			repositoryURL = "https://github.com/Swiftgram/TDLibKit.git";
			requirement = {
				kind = exactVersion;
				version = "1.2.1-tdlib-1.8.3-047246f3";
			};
		};
		43807DB627E214440056A3D3 /* XCRemoteSwiftPackageReference "SwiftUI-Introspect" */ = {
			isa = XCRemoteSwiftPackageReference;
			repositoryURL = "https://github.com/siteline/SwiftUI-Introspect.git";
			requirement = {
				kind = upToNextMajorVersion;
				minimumVersion = 0.1.4;
			};
		};
		43A963792868C8AD0076F5FD /* XCRemoteSwiftPackageReference "SkeletonUI" */ = {
			isa = XCRemoteSwiftPackageReference;
			repositoryURL = "https://github.com/CSolanaM/SkeletonUI.git";
			requirement = {
				kind = upToNextMajorVersion;
				minimumVersion = 1.0.0;
			};
		};
		43C0F49B285A68ED009F2419 /* XCRemoteSwiftPackageReference "Defaults" */ = {
			isa = XCRemoteSwiftPackageReference;
			repositoryURL = "https://github.com/sindresorhus/Defaults.git";
			requirement = {
				kind = upToNextMajorVersion;
				minimumVersion = 6.3.0;
			};
		};
/* End XCRemoteSwiftPackageReference section */

/* Begin XCSwiftPackageProductDependency section */
		43016AA82842DE3000C219B4 /* Caching */ = {
			isa = XCSwiftPackageProductDependency;
			productName = Caching;
		};
		431215512858E50B009EFEB5 /* ComplexModule */ = {
			isa = XCSwiftPackageProductDependency;
			package = 431215502858E50B009EFEB5 /* XCRemoteSwiftPackageReference "swift-numerics" */;
			productName = ComplexModule;
		};
		431215532858E50B009EFEB5 /* Numerics */ = {
			isa = XCSwiftPackageProductDependency;
			package = 431215502858E50B009EFEB5 /* XCRemoteSwiftPackageReference "swift-numerics" */;
			productName = Numerics;
		};
		431215552858E50B009EFEB5 /* RealModule */ = {
			isa = XCSwiftPackageProductDependency;
			package = 431215502858E50B009EFEB5 /* XCRemoteSwiftPackageReference "swift-numerics" */;
			productName = RealModule;
		};
		434203B7283CB01D003E344C /* Algorithms */ = {
			isa = XCSwiftPackageProductDependency;
			package = 434203B6283CB01C003E344C /* XCRemoteSwiftPackageReference "swift-algorithms" */;
			productName = Algorithms;
		};
		4360D6E2283FE2BE00D3378F /* Collections */ = {
			isa = XCSwiftPackageProductDependency;
			package = 4360D6E1283FE2BD00D3378F /* XCRemoteSwiftPackageReference "swift-collections" */;
			productName = Collections;
		};
		4360D6E4283FE2BE00D3378F /* DequeModule */ = {
			isa = XCSwiftPackageProductDependency;
			package = 4360D6E1283FE2BD00D3378F /* XCRemoteSwiftPackageReference "swift-collections" */;
			productName = DequeModule;
		};
		4360D6E6283FE2BE00D3378F /* OrderedCollections */ = {
			isa = XCSwiftPackageProductDependency;
			package = 4360D6E1283FE2BD00D3378F /* XCRemoteSwiftPackageReference "swift-collections" */;
			productName = OrderedCollections;
		};
		43807DA427E2137A0056A3D3 /* Resolver */ = {
			isa = XCSwiftPackageProductDependency;
			package = 43807DA327E2137A0056A3D3 /* XCRemoteSwiftPackageReference "Resolver" */;
			productName = Resolver;
		};
		43807DA727E2138A0056A3D3 /* Lottie */ = {
			isa = XCSwiftPackageProductDependency;
			package = 43807DA627E213890056A3D3 /* XCRemoteSwiftPackageReference "lottie-ios" */;
			productName = Lottie;
		};
		43807DAA27E2139B0056A3D3 /* AlertToast */ = {
			isa = XCSwiftPackageProductDependency;
			package = 43807DA927E2139B0056A3D3 /* XCRemoteSwiftPackageReference "AlertToast" */;
			productName = AlertToast;
		};
		43807DB027E213C50056A3D3 /* TDLibKit */ = {
			isa = XCSwiftPackageProductDependency;
			package = 43807DAF27E213C50056A3D3 /* XCRemoteSwiftPackageReference "TDLibKit" */;
			productName = TDLibKit;
		};
		43807DB727E214440056A3D3 /* Introspect */ = {
			isa = XCSwiftPackageProductDependency;
			package = 43807DB627E214440056A3D3 /* XCRemoteSwiftPackageReference "SwiftUI-Introspect" */;
			productName = Introspect;
		};
		43807DBB27E214970056A3D3 /* Backend */ = {
			isa = XCSwiftPackageProductDependency;
			productName = Backend;
		};
		43A9637A2868C8AD0076F5FD /* SkeletonUI */ = {
			isa = XCSwiftPackageProductDependency;
			package = 43A963792868C8AD0076F5FD /* XCRemoteSwiftPackageReference "SkeletonUI" */;
			productName = SkeletonUI;
		};
		43C0F49C285A68ED009F2419 /* Defaults */ = {
			isa = XCSwiftPackageProductDependency;
			package = 43C0F49B285A68ED009F2419 /* XCRemoteSwiftPackageReference "Defaults" */;
			productName = Defaults;
		};
/* End XCSwiftPackageProductDependency section */
	};
	rootObject = 43807CED27E1FCEC0056A3D3 /* Project object */;
}
